// !$*UTF8*$!
{
	archiveVersion = 1;
	classes = {
	};
	objectVersion = 56;
	objects = {

/* Begin PBXBuildFile section */
		7E06CD0B2A9122E400B64FB3 /* Previewing.swift in Sources */ = {isa = PBXBuildFile; fileRef = 7E06CD0A2A9122E400B64FB3 /* Previewing.swift */; };
		7E1261622A742200009F15C9 /* HabitManager.swift in Sources */ = {isa = PBXBuildFile; fileRef = 7E1261612A742200009F15C9 /* HabitManager.swift */; };
		7E12616F2A7446B3009F15C9 /* Progress+CoreDataClass.swift in Sources */ = {isa = PBXBuildFile; fileRef = 7E12616D2A7446B3009F15C9 /* Progress+CoreDataClass.swift */; };
		7E1261702A7446B3009F15C9 /* Progress+CoreDataProperties.swift in Sources */ = {isa = PBXBuildFile; fileRef = 7E12616E2A7446B3009F15C9 /* Progress+CoreDataProperties.swift */; };
		7E13C7562A8441EE006EBA82 /* StatisticsView.swift in Sources */ = {isa = PBXBuildFile; fileRef = 7E13C7552A8441EE006EBA82 /* StatisticsView.swift */; };
		7E34D8762A82EE9700A7D649 /* IconPickerView.swift in Sources */ = {isa = PBXBuildFile; fileRef = 7E34D8752A82EE9700A7D649 /* IconPickerView.swift */; };
		7E34D87E2A82F47300A7D649 /* EmojiManager.swift in Sources */ = {isa = PBXBuildFile; fileRef = 7E34D87D2A82F47300A7D649 /* EmojiManager.swift */; };
		7E3BE9142A8C27EA008C1503 /* AddCountView.swift in Sources */ = {isa = PBXBuildFile; fileRef = 7E3BE9132A8C27EA008C1503 /* AddCountView.swift */; };
		7E67A7A02A6B52B9001E0C23 /* HabiscusApp.swift in Sources */ = {isa = PBXBuildFile; fileRef = 7E67A79F2A6B52B9001E0C23 /* HabiscusApp.swift */; };
		7E67A7A22A6B52B9001E0C23 /* ContentView.swift in Sources */ = {isa = PBXBuildFile; fileRef = 7E67A7A12A6B52B9001E0C23 /* ContentView.swift */; };
		7E67A7A42A6B52BA001E0C23 /* Assets.xcassets in Resources */ = {isa = PBXBuildFile; fileRef = 7E67A7A32A6B52BA001E0C23 /* Assets.xcassets */; };
		7E67A7A72A6B52BA001E0C23 /* Preview Assets.xcassets in Resources */ = {isa = PBXBuildFile; fileRef = 7E67A7A62A6B52BA001E0C23 /* Preview Assets.xcassets */; };
		7E67A7B02A6B5A88001E0C23 /* FileManager.swift in Sources */ = {isa = PBXBuildFile; fileRef = 7E67A7AF2A6B5A88001E0C23 /* FileManager.swift */; };
		7E697DD22A843B74000EC5D8 /* AddHabitView.swift in Sources */ = {isa = PBXBuildFile; fileRef = 7E697DD12A843B74000EC5D8 /* AddHabitView.swift */; };
		7E697DD42A843B84000EC5D8 /* HabitView.swift in Sources */ = {isa = PBXBuildFile; fileRef = 7E697DD32A843B84000EC5D8 /* HabitView.swift */; };
		7E80A7EB2A7D9CC90035F658 /* complete.mp3 in Resources */ = {isa = PBXBuildFile; fileRef = 7E80A7EA2A7D9CC90035F658 /* complete.mp3 */; };
		7E80A7ED2A7D9CFB0035F658 /* SoundManager.swift in Sources */ = {isa = PBXBuildFile; fileRef = 7E80A7EC2A7D9CFB0035F658 /* SoundManager.swift */; };
		7E83225D2A72F3E200042486 /* HabitListView.swift in Sources */ = {isa = PBXBuildFile; fileRef = 7E83225C2A72F3E200042486 /* HabitListView.swift */; };
		7E8C91232A7302EF0006055C /* GoalCounterView.swift in Sources */ = {isa = PBXBuildFile; fileRef = 7E8C91222A7302EF0006055C /* GoalCounterView.swift */; };
		7E93174F2A7D84160074E210 /* HapticManager.swift in Sources */ = {isa = PBXBuildFile; fileRef = 7E93174E2A7D84160074E210 /* HapticManager.swift */; };
		7EA68A782A79555A001C6067 /* Date.swift in Sources */ = {isa = PBXBuildFile; fileRef = 7EA68A772A79555A001C6067 /* Date.swift */; };
		7EA6C3ED2A72950C00DA4C41 /* MultiWeekView.swift in Sources */ = {isa = PBXBuildFile; fileRef = 7EA6C3EC2A72950C00DA4C41 /* MultiWeekView.swift */; };
		7EA6C3EF2A7295C100DA4C41 /* Week.swift in Sources */ = {isa = PBXBuildFile; fileRef = 7EA6C3EE2A7295C100DA4C41 /* Week.swift */; };
		7EA9FEAA2A82F6960084A843 /* Bundle-Decodable.swift in Sources */ = {isa = PBXBuildFile; fileRef = 7EA9FEA92A82F6960084A843 /* Bundle-Decodable.swift */; };
		7EAAB24D2A8BD9C00075F9EB /* WeekView.swift in Sources */ = {isa = PBXBuildFile; fileRef = 7EAAB24C2A8BD9C00075F9EB /* WeekView.swift */; };
		7EB1C77A2A83E2A7008CB6C3 /* emoji.json in Resources */ = {isa = PBXBuildFile; fileRef = 7EB1C7792A83E2A7008CB6C3 /* emoji.json */; };
		7EB770902A8423BE00559D73 /* IconView.swift in Sources */ = {isa = PBXBuildFile; fileRef = 7EB7708F2A8423BE00559D73 /* IconView.swift */; };
		7ECD695B2A7D31930096AF19 /* CalendarGridView.swift in Sources */ = {isa = PBXBuildFile; fileRef = 7ECD695A2A7D31930096AF19 /* CalendarGridView.swift */; };
		7ED93E152A7AE2B0000C41B9 /* CountGridView.swift in Sources */ = {isa = PBXBuildFile; fileRef = 7ED93E142A7AE2B0000C41B9 /* CountGridView.swift */; };
		7EE16BD02A9015D1002720DC /* EditHabitView.swift in Sources */ = {isa = PBXBuildFile; fileRef = 7EE16BCF2A9015D1002720DC /* EditHabitView.swift */; };
		7EE5ED2F2A8E79AA007424CD /* RemindersView.swift in Sources */ = {isa = PBXBuildFile; fileRef = 7EE5ED2E2A8E79AA007424CD /* RemindersView.swift */; };
		7EE5ED312A8E7AC5007424CD /* ColorPickerView.swift in Sources */ = {isa = PBXBuildFile; fileRef = 7EE5ED302A8E7AC5007424CD /* ColorPickerView.swift */; };
		7EE5ED332A8E7B4C007424CD /* DateOptions.swift in Sources */ = {isa = PBXBuildFile; fileRef = 7EE5ED322A8E7B4C007424CD /* DateOptions.swift */; };
		7EE5ED352A8E7E42007424CD /* NotificationManager.swift in Sources */ = {isa = PBXBuildFile; fileRef = 7EE5ED342A8E7E42007424CD /* NotificationManager.swift */; };
		7EE5ED372A8E9656007424CD /* MultiSelect.swift in Sources */ = {isa = PBXBuildFile; fileRef = 7EE5ED362A8E9656007424CD /* MultiSelect.swift */; };
		7EE77DEA2A6DDBC90058CDF8 /* Habiscus.xcdatamodeld in Sources */ = {isa = PBXBuildFile; fileRef = 7EE77DE82A6DDBC90058CDF8 /* Habiscus.xcdatamodeld */; };
		7EE77DEC2A6DDC2E0058CDF8 /* DataController.swift in Sources */ = {isa = PBXBuildFile; fileRef = 7EE77DEB2A6DDC2E0058CDF8 /* DataController.swift */; };
		7EE77DF92A6DE0310058CDF8 /* Count+CoreDataClass.swift in Sources */ = {isa = PBXBuildFile; fileRef = 7EE77DF52A6DE0310058CDF8 /* Count+CoreDataClass.swift */; };
		7EE77DFA2A6DE0310058CDF8 /* Count+CoreDataProperties.swift in Sources */ = {isa = PBXBuildFile; fileRef = 7EE77DF62A6DE0310058CDF8 /* Count+CoreDataProperties.swift */; };
		7EE77DFB2A6DE0310058CDF8 /* Habit+CoreDataClass.swift in Sources */ = {isa = PBXBuildFile; fileRef = 7EE77DF72A6DE0310058CDF8 /* Habit+CoreDataClass.swift */; };
		7EE77DFC2A6DE0310058CDF8 /* Habit+CoreDataProperties.swift in Sources */ = {isa = PBXBuildFile; fileRef = 7EE77DF82A6DE0310058CDF8 /* Habit+CoreDataProperties.swift */; };
		7EF1E2B22A6EDE9C00DE3517 /* HabitRowView.swift in Sources */ = {isa = PBXBuildFile; fileRef = 7EF1E2B12A6EDE9C00DE3517 /* HabitRowView.swift */; };
		7EF7DCC72A8D15C7007AF16C /* Weekday.swift in Sources */ = {isa = PBXBuildFile; fileRef = 7EF7DCC62A8D15C7007AF16C /* Weekday.swift */; };
		7EF9C85B2A7B1DFC006E5130 /* CalendarView.swift in Sources */ = {isa = PBXBuildFile; fileRef = 7EF9C85A2A7B1DFC006E5130 /* CalendarView.swift */; };
		7EFC30402A911DA900419608 /* Goal+CoreDataClass.swift in Sources */ = {isa = PBXBuildFile; fileRef = 7EFC303C2A911DA900419608 /* Goal+CoreDataClass.swift */; };
		7EFC30412A911DA900419608 /* Goal+CoreDataProperties.swift in Sources */ = {isa = PBXBuildFile; fileRef = 7EFC303D2A911DA900419608 /* Goal+CoreDataProperties.swift */; };
/* End PBXBuildFile section */

/* Begin PBXFileReference section */
		7E06CD0A2A9122E400B64FB3 /* Previewing.swift */ = {isa = PBXFileReference; lastKnownFileType = sourcecode.swift; path = Previewing.swift; sourceTree = "<group>"; };
		7E1261612A742200009F15C9 /* HabitManager.swift */ = {isa = PBXFileReference; lastKnownFileType = sourcecode.swift; path = HabitManager.swift; sourceTree = "<group>"; };
		7E12616D2A7446B3009F15C9 /* Progress+CoreDataClass.swift */ = {isa = PBXFileReference; lastKnownFileType = sourcecode.swift; path = "Progress+CoreDataClass.swift"; sourceTree = "<group>"; };
		7E12616E2A7446B3009F15C9 /* Progress+CoreDataProperties.swift */ = {isa = PBXFileReference; lastKnownFileType = sourcecode.swift; path = "Progress+CoreDataProperties.swift"; sourceTree = "<group>"; };
		7E13C7552A8441EE006EBA82 /* StatisticsView.swift */ = {isa = PBXFileReference; lastKnownFileType = sourcecode.swift; path = StatisticsView.swift; sourceTree = "<group>"; };
		7E34D8752A82EE9700A7D649 /* IconPickerView.swift */ = {isa = PBXFileReference; lastKnownFileType = sourcecode.swift; path = IconPickerView.swift; sourceTree = "<group>"; };
		7E34D87D2A82F47300A7D649 /* EmojiManager.swift */ = {isa = PBXFileReference; lastKnownFileType = sourcecode.swift; path = EmojiManager.swift; sourceTree = "<group>"; };
		7E3BE9132A8C27EA008C1503 /* AddCountView.swift */ = {isa = PBXFileReference; lastKnownFileType = sourcecode.swift; path = AddCountView.swift; sourceTree = "<group>"; };
		7E67A79C2A6B52B9001E0C23 /* Habiscus.app */ = {isa = PBXFileReference; explicitFileType = wrapper.application; includeInIndex = 0; path = Habiscus.app; sourceTree = BUILT_PRODUCTS_DIR; };
		7E67A79F2A6B52B9001E0C23 /* HabiscusApp.swift */ = {isa = PBXFileReference; lastKnownFileType = sourcecode.swift; path = HabiscusApp.swift; sourceTree = "<group>"; };
		7E67A7A12A6B52B9001E0C23 /* ContentView.swift */ = {isa = PBXFileReference; lastKnownFileType = sourcecode.swift; path = ContentView.swift; sourceTree = "<group>"; };
		7E67A7A32A6B52BA001E0C23 /* Assets.xcassets */ = {isa = PBXFileReference; lastKnownFileType = folder.assetcatalog; path = Assets.xcassets; sourceTree = "<group>"; };
		7E67A7A62A6B52BA001E0C23 /* Preview Assets.xcassets */ = {isa = PBXFileReference; lastKnownFileType = folder.assetcatalog; path = "Preview Assets.xcassets"; sourceTree = "<group>"; };
		7E67A7AF2A6B5A88001E0C23 /* FileManager.swift */ = {isa = PBXFileReference; lastKnownFileType = sourcecode.swift; path = FileManager.swift; sourceTree = "<group>"; };
		7E697DD12A843B74000EC5D8 /* AddHabitView.swift */ = {isa = PBXFileReference; fileEncoding = 4; lastKnownFileType = sourcecode.swift; path = AddHabitView.swift; sourceTree = "<group>"; };
		7E697DD32A843B84000EC5D8 /* HabitView.swift */ = {isa = PBXFileReference; fileEncoding = 4; lastKnownFileType = sourcecode.swift; path = HabitView.swift; sourceTree = "<group>"; };
		7E80A7EA2A7D9CC90035F658 /* complete.mp3 */ = {isa = PBXFileReference; lastKnownFileType = audio.mp3; path = complete.mp3; sourceTree = "<group>"; };
		7E80A7EC2A7D9CFB0035F658 /* SoundManager.swift */ = {isa = PBXFileReference; lastKnownFileType = sourcecode.swift; path = SoundManager.swift; sourceTree = "<group>"; };
		7E83225C2A72F3E200042486 /* HabitListView.swift */ = {isa = PBXFileReference; lastKnownFileType = sourcecode.swift; path = HabitListView.swift; sourceTree = "<group>"; };
		7E8C91222A7302EF0006055C /* GoalCounterView.swift */ = {isa = PBXFileReference; lastKnownFileType = sourcecode.swift; path = GoalCounterView.swift; sourceTree = "<group>"; };
		7E93174E2A7D84160074E210 /* HapticManager.swift */ = {isa = PBXFileReference; lastKnownFileType = sourcecode.swift; path = HapticManager.swift; sourceTree = "<group>"; };
		7EA68A772A79555A001C6067 /* Date.swift */ = {isa = PBXFileReference; lastKnownFileType = sourcecode.swift; path = Date.swift; sourceTree = "<group>"; };
		7EA6C3EC2A72950C00DA4C41 /* MultiWeekView.swift */ = {isa = PBXFileReference; lastKnownFileType = sourcecode.swift; path = MultiWeekView.swift; sourceTree = "<group>"; };
		7EA6C3EE2A7295C100DA4C41 /* Week.swift */ = {isa = PBXFileReference; lastKnownFileType = sourcecode.swift; path = Week.swift; sourceTree = "<group>"; };
		7EA9FEA92A82F6960084A843 /* Bundle-Decodable.swift */ = {isa = PBXFileReference; lastKnownFileType = sourcecode.swift; path = "Bundle-Decodable.swift"; sourceTree = "<group>"; };
		7EAAB24C2A8BD9C00075F9EB /* WeekView.swift */ = {isa = PBXFileReference; lastKnownFileType = sourcecode.swift; path = WeekView.swift; sourceTree = "<group>"; };
		7EB1C7792A83E2A7008CB6C3 /* emoji.json */ = {isa = PBXFileReference; fileEncoding = 4; lastKnownFileType = text.json; path = emoji.json; sourceTree = "<group>"; };
		7EB7708F2A8423BE00559D73 /* IconView.swift */ = {isa = PBXFileReference; lastKnownFileType = sourcecode.swift; path = IconView.swift; sourceTree = "<group>"; };
		7ECD695A2A7D31930096AF19 /* CalendarGridView.swift */ = {isa = PBXFileReference; lastKnownFileType = sourcecode.swift; path = CalendarGridView.swift; sourceTree = "<group>"; };
		7ED7BFE42A82BB6C00952EFD /* Info.plist */ = {isa = PBXFileReference; lastKnownFileType = text.plist; path = Info.plist; sourceTree = "<group>"; };
		7ED93E142A7AE2B0000C41B9 /* CountGridView.swift */ = {isa = PBXFileReference; lastKnownFileType = sourcecode.swift; path = CountGridView.swift; sourceTree = "<group>"; };
		7EE16BCF2A9015D1002720DC /* EditHabitView.swift */ = {isa = PBXFileReference; lastKnownFileType = sourcecode.swift; path = EditHabitView.swift; sourceTree = "<group>"; };
		7EE5ED2E2A8E79AA007424CD /* RemindersView.swift */ = {isa = PBXFileReference; lastKnownFileType = sourcecode.swift; path = RemindersView.swift; sourceTree = "<group>"; };
		7EE5ED302A8E7AC5007424CD /* ColorPickerView.swift */ = {isa = PBXFileReference; lastKnownFileType = sourcecode.swift; path = ColorPickerView.swift; sourceTree = "<group>"; };
		7EE5ED322A8E7B4C007424CD /* DateOptions.swift */ = {isa = PBXFileReference; lastKnownFileType = sourcecode.swift; path = DateOptions.swift; sourceTree = "<group>"; };
		7EE5ED342A8E7E42007424CD /* NotificationManager.swift */ = {isa = PBXFileReference; lastKnownFileType = sourcecode.swift; path = NotificationManager.swift; sourceTree = "<group>"; };
		7EE5ED362A8E9656007424CD /* MultiSelect.swift */ = {isa = PBXFileReference; lastKnownFileType = sourcecode.swift; path = MultiSelect.swift; sourceTree = "<group>"; };
		7EE77DE92A6DDBC90058CDF8 /* Habiscus.xcdatamodel */ = {isa = PBXFileReference; lastKnownFileType = wrapper.xcdatamodel; path = Habiscus.xcdatamodel; sourceTree = "<group>"; };
		7EE77DEB2A6DDC2E0058CDF8 /* DataController.swift */ = {isa = PBXFileReference; lastKnownFileType = sourcecode.swift; path = DataController.swift; sourceTree = "<group>"; };
		7EE77DF52A6DE0310058CDF8 /* Count+CoreDataClass.swift */ = {isa = PBXFileReference; lastKnownFileType = sourcecode.swift; path = "Count+CoreDataClass.swift"; sourceTree = "<group>"; };
		7EE77DF62A6DE0310058CDF8 /* Count+CoreDataProperties.swift */ = {isa = PBXFileReference; lastKnownFileType = sourcecode.swift; path = "Count+CoreDataProperties.swift"; sourceTree = "<group>"; };
		7EE77DF72A6DE0310058CDF8 /* Habit+CoreDataClass.swift */ = {isa = PBXFileReference; lastKnownFileType = sourcecode.swift; path = "Habit+CoreDataClass.swift"; sourceTree = "<group>"; };
		7EE77DF82A6DE0310058CDF8 /* Habit+CoreDataProperties.swift */ = {isa = PBXFileReference; lastKnownFileType = sourcecode.swift; path = "Habit+CoreDataProperties.swift"; sourceTree = "<group>"; };
		7EF1E2B12A6EDE9C00DE3517 /* HabitRowView.swift */ = {isa = PBXFileReference; lastKnownFileType = sourcecode.swift; path = HabitRowView.swift; sourceTree = "<group>"; };
		7EF7DCC62A8D15C7007AF16C /* Weekday.swift */ = {isa = PBXFileReference; lastKnownFileType = sourcecode.swift; path = Weekday.swift; sourceTree = "<group>"; };
		7EF9C85A2A7B1DFC006E5130 /* CalendarView.swift */ = {isa = PBXFileReference; lastKnownFileType = sourcecode.swift; path = CalendarView.swift; sourceTree = "<group>"; };
		7EFC303C2A911DA900419608 /* Goal+CoreDataClass.swift */ = {isa = PBXFileReference; lastKnownFileType = sourcecode.swift; path = "Goal+CoreDataClass.swift"; sourceTree = "<group>"; };
		7EFC303D2A911DA900419608 /* Goal+CoreDataProperties.swift */ = {isa = PBXFileReference; lastKnownFileType = sourcecode.swift; path = "Goal+CoreDataProperties.swift"; sourceTree = "<group>"; };
/* End PBXFileReference section */

/* Begin PBXFrameworksBuildPhase section */
		7E67A7992A6B52B9001E0C23 /* Frameworks */ = {
			isa = PBXFrameworksBuildPhase;
			buildActionMask = 2147483647;
			files = (
			);
			runOnlyForDeploymentPostprocessing = 0;
		};
/* End PBXFrameworksBuildPhase section */

/* Begin PBXGroup section */
		7E06CD092A9122D500B64FB3 /* Previews */ = {
			isa = PBXGroup;
			children = (
				7E06CD0A2A9122E400B64FB3 /* Previewing.swift */,
			);
			path = Previews;
			sourceTree = "<group>";
		};
		7E67A7932A6B52B9001E0C23 = {
			isa = PBXGroup;
			children = (
				7E67A79E2A6B52B9001E0C23 /* Habiscus */,
				7E67A79D2A6B52B9001E0C23 /* Products */,
			);
			sourceTree = "<group>";
		};
		7E67A79D2A6B52B9001E0C23 /* Products */ = {
			isa = PBXGroup;
			children = (
				7E67A79C2A6B52B9001E0C23 /* Habiscus.app */,
			);
			name = Products;
			sourceTree = "<group>";
		};
		7E67A79E2A6B52B9001E0C23 /* Habiscus */ = {
			isa = PBXGroup;
			children = (
				7E67A79F2A6B52B9001E0C23 /* HabiscusApp.swift */,
				7E67A7A12A6B52B9001E0C23 /* ContentView.swift */,
				7ED7BFE42A82BB6C00952EFD /* Info.plist */,
				7ED504242A8FDF5F00E08440 /* Models */,
				7EFA41942A80222C00D2F8E3 /* Calendars */,
				7EFA41912A80220200D2F8E3 /* Views */,
				7EFA41902A8021CD00D2F8E3 /* DataManagers */,
				7EE77DE82A6DDBC90058CDF8 /* Habiscus.xcdatamodeld */,
				7E67A7A32A6B52BA001E0C23 /* Assets.xcassets */,
				7E80A7EE2A7D9E0F0035F658 /* Sounds */,
				7E67A7A52A6B52BA001E0C23 /* Preview Content */,
			);
			path = Habiscus;
			sourceTree = "<group>";
		};
		7E67A7A52A6B52BA001E0C23 /* Preview Content */ = {
			isa = PBXGroup;
			children = (
				7EB1C7792A83E2A7008CB6C3 /* emoji.json */,
				7E67A7A62A6B52BA001E0C23 /* Preview Assets.xcassets */,
			);
			path = "Preview Content";
			sourceTree = "<group>";
		};
		7E697DD02A843B66000EC5D8 /* HabitView */ = {
			isa = PBXGroup;
			children = (
				7E697DD32A843B84000EC5D8 /* HabitView.swift */,
				7E13C7552A8441EE006EBA82 /* StatisticsView.swift */,
				7EE16BCF2A9015D1002720DC /* EditHabitView.swift */,
			);
			path = HabitView;
			sourceTree = "<group>";
		};
		7E80A7EE2A7D9E0F0035F658 /* Sounds */ = {
			isa = PBXGroup;
			children = (
				7E80A7EA2A7D9CC90035F658 /* complete.mp3 */,
			);
			path = Sounds;
			sourceTree = "<group>";
		};
		7EB7708E2A8423B000559D73 /* Components */ = {
			isa = PBXGroup;
			children = (
				7EB7708F2A8423BE00559D73 /* IconView.swift */,
				7E3BE9132A8C27EA008C1503 /* AddCountView.swift */,
				7EE5ED362A8E9656007424CD /* MultiSelect.swift */,
				7EE5ED322A8E7B4C007424CD /* DateOptions.swift */,
			);
			path = Components;
			sourceTree = "<group>";
		};
		7ED504242A8FDF5F00E08440 /* Models */ = {
			isa = PBXGroup;
			children = (
				7EE77DF72A6DE0310058CDF8 /* Habit+CoreDataClass.swift */,
				7EE77DF82A6DE0310058CDF8 /* Habit+CoreDataProperties.swift */,
				7EFC303C2A911DA900419608 /* Goal+CoreDataClass.swift */,
				7EFC303D2A911DA900419608 /* Goal+CoreDataProperties.swift */,
				7E12616D2A7446B3009F15C9 /* Progress+CoreDataClass.swift */,
				7E12616E2A7446B3009F15C9 /* Progress+CoreDataProperties.swift */,
				7EE77DF52A6DE0310058CDF8 /* Count+CoreDataClass.swift */,
				7EE77DF62A6DE0310058CDF8 /* Count+CoreDataProperties.swift */,
			);
			path = Models;
			sourceTree = "<group>";
		};
		7EE5ED2D2A8E7977007424CD /* AddHabit */ = {
			isa = PBXGroup;
			children = (
				7E697DD12A843B74000EC5D8 /* AddHabitView.swift */,
				7EE5ED2E2A8E79AA007424CD /* RemindersView.swift */,
				7EE5ED302A8E7AC5007424CD /* ColorPickerView.swift */,
				7E34D8752A82EE9700A7D649 /* IconPickerView.swift */,
			);
			path = AddHabit;
			sourceTree = "<group>";
		};
		7EFA41902A8021CD00D2F8E3 /* DataManagers */ = {
			isa = PBXGroup;
			children = (
				7E1261612A742200009F15C9 /* HabitManager.swift */,
				7EA9FEA92A82F6960084A843 /* Bundle-Decodable.swift */,
				7E34D87D2A82F47300A7D649 /* EmojiManager.swift */,
				7E67A7AF2A6B5A88001E0C23 /* FileManager.swift */,
				7E93174E2A7D84160074E210 /* HapticManager.swift */,
				7E80A7EC2A7D9CFB0035F658 /* SoundManager.swift */,
				7EE77DEB2A6DDC2E0058CDF8 /* DataController.swift */,
				7EE5ED342A8E7E42007424CD /* NotificationManager.swift */,
			);
			path = DataManagers;
			sourceTree = "<group>";
		};
		7EFA41912A80220200D2F8E3 /* Views */ = {
			isa = PBXGroup;
			children = (
				7E06CD092A9122D500B64FB3 /* Previews */,
				7EE5ED2D2A8E7977007424CD /* AddHabit */,
				7E697DD02A843B66000EC5D8 /* HabitView */,
				7EB7708E2A8423B000559D73 /* Components */,
				7EFA41932A80220E00D2F8E3 /* HabitList */,
				7EFA41952A80227C00D2F8E3 /* ProgressBars */,
			);
			path = Views;
			sourceTree = "<group>";
		};
		7EFA41932A80220E00D2F8E3 /* HabitList */ = {
			isa = PBXGroup;
			children = (
				7E83225C2A72F3E200042486 /* HabitListView.swift */,
				7EF1E2B12A6EDE9C00DE3517 /* HabitRowView.swift */,
			);
			path = HabitList;
			sourceTree = "<group>";
		};
		7EFA41942A80222C00D2F8E3 /* Calendars */ = {
			isa = PBXGroup;
			children = (
				7ECD695A2A7D31930096AF19 /* CalendarGridView.swift */,
				7EF9C85A2A7B1DFC006E5130 /* CalendarView.swift */,
				7ED93E142A7AE2B0000C41B9 /* CountGridView.swift */,
				7EA68A772A79555A001C6067 /* Date.swift */,
				7EA6C3EE2A7295C100DA4C41 /* Week.swift */,
				7EA6C3EC2A72950C00DA4C41 /* MultiWeekView.swift */,
				7EAAB24C2A8BD9C00075F9EB /* WeekView.swift */,
				7EF7DCC62A8D15C7007AF16C /* Weekday.swift */,
			);
			path = Calendars;
			sourceTree = "<group>";
		};
		7EFA41952A80227C00D2F8E3 /* ProgressBars */ = {
			isa = PBXGroup;
			children = (
				7E8C91222A7302EF0006055C /* GoalCounterView.swift */,
			);
			path = ProgressBars;
			sourceTree = "<group>";
		};
/* End PBXGroup section */

/* Begin PBXNativeTarget section */
		7E67A79B2A6B52B9001E0C23 /* Habiscus */ = {
			isa = PBXNativeTarget;
			buildConfigurationList = 7E67A7AA2A6B52BA001E0C23 /* Build configuration list for PBXNativeTarget "Habiscus" */;
			buildPhases = (
				7E67A7982A6B52B9001E0C23 /* Sources */,
				7E67A7992A6B52B9001E0C23 /* Frameworks */,
				7E67A79A2A6B52B9001E0C23 /* Resources */,
			);
			buildRules = (
			);
			dependencies = (
			);
			name = Habiscus;
			productName = Habiscus;
			productReference = 7E67A79C2A6B52B9001E0C23 /* Habiscus.app */;
			productType = "com.apple.product-type.application";
		};
/* End PBXNativeTarget section */

/* Begin PBXProject section */
		7E67A7942A6B52B9001E0C23 /* Project object */ = {
			isa = PBXProject;
			attributes = {
				BuildIndependentTargetsInParallel = 1;
				LastSwiftUpdateCheck = 1430;
				LastUpgradeCheck = 1430;
				TargetAttributes = {
					7E67A79B2A6B52B9001E0C23 = {
						CreatedOnToolsVersion = 14.3.1;
					};
				};
			};
			buildConfigurationList = 7E67A7972A6B52B9001E0C23 /* Build configuration list for PBXProject "Habiscus" */;
			compatibilityVersion = "Xcode 14.0";
			developmentRegion = en;
			hasScannedForEncodings = 0;
			knownRegions = (
				en,
				Base,
			);
			mainGroup = 7E67A7932A6B52B9001E0C23;
			productRefGroup = 7E67A79D2A6B52B9001E0C23 /* Products */;
			projectDirPath = "";
			projectRoot = "";
			targets = (
				7E67A79B2A6B52B9001E0C23 /* Habiscus */,
			);
		};
/* End PBXProject section */

/* Begin PBXResourcesBuildPhase section */
		7E67A79A2A6B52B9001E0C23 /* Resources */ = {
			isa = PBXResourcesBuildPhase;
			buildActionMask = 2147483647;
			files = (
				7E67A7A72A6B52BA001E0C23 /* Preview Assets.xcassets in Resources */,
				7E80A7EB2A7D9CC90035F658 /* complete.mp3 in Resources */,
				7EB1C77A2A83E2A7008CB6C3 /* emoji.json in Resources */,
				7E67A7A42A6B52BA001E0C23 /* Assets.xcassets in Resources */,
			);
			runOnlyForDeploymentPostprocessing = 0;
		};
/* End PBXResourcesBuildPhase section */

/* Begin PBXSourcesBuildPhase section */
		7E67A7982A6B52B9001E0C23 /* Sources */ = {
			isa = PBXSourcesBuildPhase;
			buildActionMask = 2147483647;
			files = (
				7E80A7ED2A7D9CFB0035F658 /* SoundManager.swift in Sources */,
				7E13C7562A8441EE006EBA82 /* StatisticsView.swift in Sources */,
				7EE5ED332A8E7B4C007424CD /* DateOptions.swift in Sources */,
				7EA68A782A79555A001C6067 /* Date.swift in Sources */,
				7E67A7A22A6B52B9001E0C23 /* ContentView.swift in Sources */,
				7EE77DFB2A6DE0310058CDF8 /* Habit+CoreDataClass.swift in Sources */,
				7EA6C3ED2A72950C00DA4C41 /* MultiWeekView.swift in Sources */,
				7EFC30402A911DA900419608 /* Goal+CoreDataClass.swift in Sources */,
				7EE77DFC2A6DE0310058CDF8 /* Habit+CoreDataProperties.swift in Sources */,
				7EE5ED352A8E7E42007424CD /* NotificationManager.swift in Sources */,
				7EF9C85B2A7B1DFC006E5130 /* CalendarView.swift in Sources */,
				7E697DD42A843B84000EC5D8 /* HabitView.swift in Sources */,
				7E83225D2A72F3E200042486 /* HabitListView.swift in Sources */,
				7ECD695B2A7D31930096AF19 /* CalendarGridView.swift in Sources */,
				7EF7DCC72A8D15C7007AF16C /* Weekday.swift in Sources */,
				7E697DD22A843B74000EC5D8 /* AddHabitView.swift in Sources */,
				7E93174F2A7D84160074E210 /* HapticManager.swift in Sources */,
				7EE77DEA2A6DDBC90058CDF8 /* Habiscus.xcdatamodeld in Sources */,
				7E34D87E2A82F47300A7D649 /* EmojiManager.swift in Sources */,
				7E1261622A742200009F15C9 /* HabitManager.swift in Sources */,
				7EE77DF92A6DE0310058CDF8 /* Count+CoreDataClass.swift in Sources */,
				7EE5ED372A8E9656007424CD /* MultiSelect.swift in Sources */,
				7EE77DEC2A6DDC2E0058CDF8 /* DataController.swift in Sources */,
				7EE16BD02A9015D1002720DC /* EditHabitView.swift in Sources */,
				7EA6C3EF2A7295C100DA4C41 /* Week.swift in Sources */,
				7EB770902A8423BE00559D73 /* IconView.swift in Sources */,
				7EAAB24D2A8BD9C00075F9EB /* WeekView.swift in Sources */,
				7EE77DFA2A6DE0310058CDF8 /* Count+CoreDataProperties.swift in Sources */,
				7EA9FEAA2A82F6960084A843 /* Bundle-Decodable.swift in Sources */,
				7EE5ED312A8E7AC5007424CD /* ColorPickerView.swift in Sources */,
				7E1261702A7446B3009F15C9 /* Progress+CoreDataProperties.swift in Sources */,
				7EF1E2B22A6EDE9C00DE3517 /* HabitRowView.swift in Sources */,
				7E67A7A02A6B52B9001E0C23 /* HabiscusApp.swift in Sources */,
				7E3BE9142A8C27EA008C1503 /* AddCountView.swift in Sources */,
				7E8C91232A7302EF0006055C /* GoalCounterView.swift in Sources */,
				7E12616F2A7446B3009F15C9 /* Progress+CoreDataClass.swift in Sources */,
				7EFC30412A911DA900419608 /* Goal+CoreDataProperties.swift in Sources */,
				7E06CD0B2A9122E400B64FB3 /* Previewing.swift in Sources */,
				7EE5ED2F2A8E79AA007424CD /* RemindersView.swift in Sources */,
				7E67A7B02A6B5A88001E0C23 /* FileManager.swift in Sources */,
				7ED93E152A7AE2B0000C41B9 /* CountGridView.swift in Sources */,
				7E34D8762A82EE9700A7D649 /* IconPickerView.swift in Sources */,
			);
			runOnlyForDeploymentPostprocessing = 0;
		};
/* End PBXSourcesBuildPhase section */

/* Begin XCBuildConfiguration section */
		7E67A7A82A6B52BA001E0C23 /* Debug */ = {
			isa = XCBuildConfiguration;
			buildSettings = {
				ALWAYS_SEARCH_USER_PATHS = NO;
				CLANG_ANALYZER_NONNULL = YES;
				CLANG_ANALYZER_NUMBER_OBJECT_CONVERSION = YES_AGGRESSIVE;
				CLANG_CXX_LANGUAGE_STANDARD = "gnu++20";
				CLANG_ENABLE_MODULES = YES;
				CLANG_ENABLE_OBJC_ARC = YES;
				CLANG_ENABLE_OBJC_WEAK = YES;
				CLANG_WARN_BLOCK_CAPTURE_AUTORELEASING = YES;
				CLANG_WARN_BOOL_CONVERSION = YES;
				CLANG_WARN_COMMA = YES;
				CLANG_WARN_CONSTANT_CONVERSION = YES;
				CLANG_WARN_DEPRECATED_OBJC_IMPLEMENTATIONS = YES;
				CLANG_WARN_DIRECT_OBJC_ISA_USAGE = YES_ERROR;
				CLANG_WARN_DOCUMENTATION_COMMENTS = YES;
				CLANG_WARN_EMPTY_BODY = YES;
				CLANG_WARN_ENUM_CONVERSION = YES;
				CLANG_WARN_INFINITE_RECURSION = YES;
				CLANG_WARN_INT_CONVERSION = YES;
				CLANG_WARN_NON_LITERAL_NULL_CONVERSION = YES;
				CLANG_WARN_OBJC_IMPLICIT_RETAIN_SELF = YES;
				CLANG_WARN_OBJC_LITERAL_CONVERSION = YES;
				CLANG_WARN_OBJC_ROOT_CLASS = YES_ERROR;
				CLANG_WARN_QUOTED_INCLUDE_IN_FRAMEWORK_HEADER = YES;
				CLANG_WARN_RANGE_LOOP_ANALYSIS = YES;
				CLANG_WARN_STRICT_PROTOTYPES = YES;
				CLANG_WARN_SUSPICIOUS_MOVE = YES;
				CLANG_WARN_UNGUARDED_AVAILABILITY = YES_AGGRESSIVE;
				CLANG_WARN_UNREACHABLE_CODE = YES;
				CLANG_WARN__DUPLICATE_METHOD_MATCH = YES;
				COPY_PHASE_STRIP = NO;
				DEBUG_INFORMATION_FORMAT = dwarf;
				ENABLE_STRICT_OBJC_MSGSEND = YES;
				ENABLE_TESTABILITY = YES;
				GCC_C_LANGUAGE_STANDARD = gnu11;
				GCC_DYNAMIC_NO_PIC = NO;
				GCC_NO_COMMON_BLOCKS = YES;
				GCC_OPTIMIZATION_LEVEL = 0;
				GCC_PREPROCESSOR_DEFINITIONS = (
					"DEBUG=1",
					"$(inherited)",
				);
				GCC_WARN_64_TO_32_BIT_CONVERSION = YES;
				GCC_WARN_ABOUT_RETURN_TYPE = YES_ERROR;
				GCC_WARN_UNDECLARED_SELECTOR = YES;
				GCC_WARN_UNINITIALIZED_AUTOS = YES_AGGRESSIVE;
				GCC_WARN_UNUSED_FUNCTION = YES;
				GCC_WARN_UNUSED_VARIABLE = YES;
				IPHONEOS_DEPLOYMENT_TARGET = 16.4;
				MTL_ENABLE_DEBUG_INFO = INCLUDE_SOURCE;
				MTL_FAST_MATH = YES;
				ONLY_ACTIVE_ARCH = YES;
				SDKROOT = iphoneos;
				SWIFT_ACTIVE_COMPILATION_CONDITIONS = DEBUG;
				SWIFT_OPTIMIZATION_LEVEL = "-Onone";
			};
			name = Debug;
		};
		7E67A7A92A6B52BA001E0C23 /* Release */ = {
			isa = XCBuildConfiguration;
			buildSettings = {
				ALWAYS_SEARCH_USER_PATHS = NO;
				CLANG_ANALYZER_NONNULL = YES;
				CLANG_ANALYZER_NUMBER_OBJECT_CONVERSION = YES_AGGRESSIVE;
				CLANG_CXX_LANGUAGE_STANDARD = "gnu++20";
				CLANG_ENABLE_MODULES = YES;
				CLANG_ENABLE_OBJC_ARC = YES;
				CLANG_ENABLE_OBJC_WEAK = YES;
				CLANG_WARN_BLOCK_CAPTURE_AUTORELEASING = YES;
				CLANG_WARN_BOOL_CONVERSION = YES;
				CLANG_WARN_COMMA = YES;
				CLANG_WARN_CONSTANT_CONVERSION = YES;
				CLANG_WARN_DEPRECATED_OBJC_IMPLEMENTATIONS = YES;
				CLANG_WARN_DIRECT_OBJC_ISA_USAGE = YES_ERROR;
				CLANG_WARN_DOCUMENTATION_COMMENTS = YES;
				CLANG_WARN_EMPTY_BODY = YES;
				CLANG_WARN_ENUM_CONVERSION = YES;
				CLANG_WARN_INFINITE_RECURSION = YES;
				CLANG_WARN_INT_CONVERSION = YES;
				CLANG_WARN_NON_LITERAL_NULL_CONVERSION = YES;
				CLANG_WARN_OBJC_IMPLICIT_RETAIN_SELF = YES;
				CLANG_WARN_OBJC_LITERAL_CONVERSION = YES;
				CLANG_WARN_OBJC_ROOT_CLASS = YES_ERROR;
				CLANG_WARN_QUOTED_INCLUDE_IN_FRAMEWORK_HEADER = YES;
				CLANG_WARN_RANGE_LOOP_ANALYSIS = YES;
				CLANG_WARN_STRICT_PROTOTYPES = YES;
				CLANG_WARN_SUSPICIOUS_MOVE = YES;
				CLANG_WARN_UNGUARDED_AVAILABILITY = YES_AGGRESSIVE;
				CLANG_WARN_UNREACHABLE_CODE = YES;
				CLANG_WARN__DUPLICATE_METHOD_MATCH = YES;
				COPY_PHASE_STRIP = NO;
				DEBUG_INFORMATION_FORMAT = "dwarf-with-dsym";
				ENABLE_NS_ASSERTIONS = NO;
				ENABLE_STRICT_OBJC_MSGSEND = YES;
				GCC_C_LANGUAGE_STANDARD = gnu11;
				GCC_NO_COMMON_BLOCKS = YES;
				GCC_WARN_64_TO_32_BIT_CONVERSION = YES;
				GCC_WARN_ABOUT_RETURN_TYPE = YES_ERROR;
				GCC_WARN_UNDECLARED_SELECTOR = YES;
				GCC_WARN_UNINITIALIZED_AUTOS = YES_AGGRESSIVE;
				GCC_WARN_UNUSED_FUNCTION = YES;
				GCC_WARN_UNUSED_VARIABLE = YES;
				IPHONEOS_DEPLOYMENT_TARGET = 16.4;
				MTL_ENABLE_DEBUG_INFO = NO;
				MTL_FAST_MATH = YES;
				SDKROOT = iphoneos;
				SWIFT_COMPILATION_MODE = wholemodule;
				SWIFT_OPTIMIZATION_LEVEL = "-O";
				VALIDATE_PRODUCT = YES;
			};
			name = Release;
		};
		7E67A7AB2A6B52BA001E0C23 /* Debug */ = {
			isa = XCBuildConfiguration;
			buildSettings = {
				ASSETCATALOG_COMPILER_APPICON_NAME = AppIcon;
				ASSETCATALOG_COMPILER_GLOBAL_ACCENT_COLOR_NAME = AccentColor;
				CODE_SIGN_STYLE = Automatic;
				CURRENT_PROJECT_VERSION = 1;
				DEVELOPMENT_ASSET_PATHS = "\"Habiscus/Preview Content\"";
				DEVELOPMENT_TEAM = 2798XB6UZN;
				ENABLE_PREVIEWS = YES;
				GENERATE_INFOPLIST_FILE = YES;
				INFOPLIST_FILE = Habiscus/Info.plist;
				INFOPLIST_KEY_UIApplicationSceneManifest_Generation = YES;
				INFOPLIST_KEY_UIApplicationSupportsIndirectInputEvents = YES;
				INFOPLIST_KEY_UISupportedInterfaceOrientations_iPad = "UIInterfaceOrientationPortrait UIInterfaceOrientationPortraitUpsideDown UIInterfaceOrientationLandscapeLeft UIInterfaceOrientationLandscapeRight";
				INFOPLIST_KEY_UISupportedInterfaceOrientations_iPhone = "UIInterfaceOrientationPortrait UIInterfaceOrientationLandscapeLeft UIInterfaceOrientationLandscapeRight";
				LD_RUNPATH_SEARCH_PATHS = (
					"$(inherited)",
					"@executable_path/Frameworks",
				);
				MARKETING_VERSION = 1.0;
				PRODUCT_BUNDLE_IDENTIFIER = com.SkylarClemens.Habiscus;
				PRODUCT_NAME = "$(TARGET_NAME)";
				SWIFT_EMIT_LOC_STRINGS = YES;
				SWIFT_VERSION = 5.0;
				TARGETED_DEVICE_FAMILY = "1,2";
			};
			name = Debug;
		};
		7E67A7AC2A6B52BA001E0C23 /* Release */ = {
			isa = XCBuildConfiguration;
			buildSettings = {
				ASSETCATALOG_COMPILER_APPICON_NAME = AppIcon;
				ASSETCATALOG_COMPILER_GLOBAL_ACCENT_COLOR_NAME = AccentColor;
				CODE_SIGN_STYLE = Automatic;
				CURRENT_PROJECT_VERSION = 1;
				DEVELOPMENT_ASSET_PATHS = "\"Habiscus/Preview Content\"";
				DEVELOPMENT_TEAM = 2798XB6UZN;
				ENABLE_PREVIEWS = YES;
				GENERATE_INFOPLIST_FILE = YES;
				INFOPLIST_FILE = Habiscus/Info.plist;
				INFOPLIST_KEY_UIApplicationSceneManifest_Generation = YES;
				INFOPLIST_KEY_UIApplicationSupportsIndirectInputEvents = YES;
				INFOPLIST_KEY_UISupportedInterfaceOrientations_iPad = "UIInterfaceOrientationPortrait UIInterfaceOrientationPortraitUpsideDown UIInterfaceOrientationLandscapeLeft UIInterfaceOrientationLandscapeRight";
				INFOPLIST_KEY_UISupportedInterfaceOrientations_iPhone = "UIInterfaceOrientationPortrait UIInterfaceOrientationLandscapeLeft UIInterfaceOrientationLandscapeRight";
				LD_RUNPATH_SEARCH_PATHS = (
					"$(inherited)",
					"@executable_path/Frameworks",
				);
				MARKETING_VERSION = 1.0;
				PRODUCT_BUNDLE_IDENTIFIER = com.SkylarClemens.Habiscus;
				PRODUCT_NAME = "$(TARGET_NAME)";
				SWIFT_EMIT_LOC_STRINGS = YES;
				SWIFT_VERSION = 5.0;
				TARGETED_DEVICE_FAMILY = "1,2";
			};
			name = Release;
		};
/* End XCBuildConfiguration section */

/* Begin XCConfigurationList section */
		7E67A7972A6B52B9001E0C23 /* Build configuration list for PBXProject "Habiscus" */ = {
			isa = XCConfigurationList;
			buildConfigurations = (
				7E67A7A82A6B52BA001E0C23 /* Debug */,
				7E67A7A92A6B52BA001E0C23 /* Release */,
			);
			defaultConfigurationIsVisible = 0;
			defaultConfigurationName = Release;
		};
		7E67A7AA2A6B52BA001E0C23 /* Build configuration list for PBXNativeTarget "Habiscus" */ = {
			isa = XCConfigurationList;
			buildConfigurations = (
				7E67A7AB2A6B52BA001E0C23 /* Debug */,
				7E67A7AC2A6B52BA001E0C23 /* Release */,
			);
			defaultConfigurationIsVisible = 0;
			defaultConfigurationName = Release;
		};
/* End XCConfigurationList section */

/* Begin XCVersionGroup section */
		7EE77DE82A6DDBC90058CDF8 /* Habiscus.xcdatamodeld */ = {
			isa = XCVersionGroup;
			children = (
				7EE77DE92A6DDBC90058CDF8 /* Habiscus.xcdatamodel */,
			);
			currentVersion = 7EE77DE92A6DDBC90058CDF8 /* Habiscus.xcdatamodel */;
			path = Habiscus.xcdatamodeld;
			sourceTree = "<group>";
			versionGroupType = wrapper.xcdatamodel;
		};
/* End XCVersionGroup section */
	};
	rootObject = 7E67A7942A6B52B9001E0C23 /* Project object */;
}
