// !$*UTF8*$!
{
	archiveVersion = 1;
	classes = {
	};
	objectVersion = 56;
	objects = {

/* Begin PBXBuildFile section */
		7E3B01982A6D9A2900223905 /* HabitView.swift in Sources */ = {isa = PBXBuildFile; fileRef = 7E3B01972A6D9A2900223905 /* HabitView.swift */; };
		7E67A7A02A6B52B9001E0C23 /* HabiscusApp.swift in Sources */ = {isa = PBXBuildFile; fileRef = 7E67A79F2A6B52B9001E0C23 /* HabiscusApp.swift */; };
		7E67A7A22A6B52B9001E0C23 /* ContentView.swift in Sources */ = {isa = PBXBuildFile; fileRef = 7E67A7A12A6B52B9001E0C23 /* ContentView.swift */; };
		7E67A7A42A6B52BA001E0C23 /* Assets.xcassets in Resources */ = {isa = PBXBuildFile; fileRef = 7E67A7A32A6B52BA001E0C23 /* Assets.xcassets */; };
		7E67A7A72A6B52BA001E0C23 /* Preview Assets.xcassets in Resources */ = {isa = PBXBuildFile; fileRef = 7E67A7A62A6B52BA001E0C23 /* Preview Assets.xcassets */; };
		7E67A7B02A6B5A88001E0C23 /* FileManager.swift in Sources */ = {isa = PBXBuildFile; fileRef = 7E67A7AF2A6B5A88001E0C23 /* FileManager.swift */; };
		7E67A7B22A6B60CF001E0C23 /* AddHabitView.swift in Sources */ = {isa = PBXBuildFile; fileRef = 7E67A7B12A6B60CF001E0C23 /* AddHabitView.swift */; };
		7EA6C3ED2A72950C00DA4C41 /* WeekView.swift in Sources */ = {isa = PBXBuildFile; fileRef = 7EA6C3EC2A72950C00DA4C41 /* WeekView.swift */; };
		7EA6C3EF2A7295C100DA4C41 /* Week.swift in Sources */ = {isa = PBXBuildFile; fileRef = 7EA6C3EE2A7295C100DA4C41 /* Week.swift */; };
		7EE77DEA2A6DDBC90058CDF8 /* Habiscus.xcdatamodeld in Sources */ = {isa = PBXBuildFile; fileRef = 7EE77DE82A6DDBC90058CDF8 /* Habiscus.xcdatamodeld */; };
		7EE77DEC2A6DDC2E0058CDF8 /* DataController.swift in Sources */ = {isa = PBXBuildFile; fileRef = 7EE77DEB2A6DDC2E0058CDF8 /* DataController.swift */; };
		7EE77DF92A6DE0310058CDF8 /* Count+CoreDataClass.swift in Sources */ = {isa = PBXBuildFile; fileRef = 7EE77DF52A6DE0310058CDF8 /* Count+CoreDataClass.swift */; };
		7EE77DFA2A6DE0310058CDF8 /* Count+CoreDataProperties.swift in Sources */ = {isa = PBXBuildFile; fileRef = 7EE77DF62A6DE0310058CDF8 /* Count+CoreDataProperties.swift */; };
		7EE77DFB2A6DE0310058CDF8 /* Habit+CoreDataClass.swift in Sources */ = {isa = PBXBuildFile; fileRef = 7EE77DF72A6DE0310058CDF8 /* Habit+CoreDataClass.swift */; };
		7EE77DFC2A6DE0310058CDF8 /* Habit+CoreDataProperties.swift in Sources */ = {isa = PBXBuildFile; fileRef = 7EE77DF82A6DE0310058CDF8 /* Habit+CoreDataProperties.swift */; };
		7EF1E2B22A6EDE9C00DE3517 /* HabitRowView.swift in Sources */ = {isa = PBXBuildFile; fileRef = 7EF1E2B12A6EDE9C00DE3517 /* HabitRowView.swift */; };
/* End PBXBuildFile section */

/* Begin PBXFileReference section */
		7E3B01972A6D9A2900223905 /* HabitView.swift */ = {isa = PBXFileReference; lastKnownFileType = sourcecode.swift; path = HabitView.swift; sourceTree = "<group>"; };
		7E67A79C2A6B52B9001E0C23 /* Habiscus.app */ = {isa = PBXFileReference; explicitFileType = wrapper.application; includeInIndex = 0; path = Habiscus.app; sourceTree = BUILT_PRODUCTS_DIR; };
		7E67A79F2A6B52B9001E0C23 /* HabiscusApp.swift */ = {isa = PBXFileReference; lastKnownFileType = sourcecode.swift; path = HabiscusApp.swift; sourceTree = "<group>"; };
		7E67A7A12A6B52B9001E0C23 /* ContentView.swift */ = {isa = PBXFileReference; lastKnownFileType = sourcecode.swift; path = ContentView.swift; sourceTree = "<group>"; };
		7E67A7A32A6B52BA001E0C23 /* Assets.xcassets */ = {isa = PBXFileReference; lastKnownFileType = folder.assetcatalog; path = Assets.xcassets; sourceTree = "<group>"; };
		7E67A7A62A6B52BA001E0C23 /* Preview Assets.xcassets */ = {isa = PBXFileReference; lastKnownFileType = folder.assetcatalog; path = "Preview Assets.xcassets"; sourceTree = "<group>"; };
		7E67A7AF2A6B5A88001E0C23 /* FileManager.swift */ = {isa = PBXFileReference; lastKnownFileType = sourcecode.swift; path = FileManager.swift; sourceTree = "<group>"; };
		7E67A7B12A6B60CF001E0C23 /* AddHabitView.swift */ = {isa = PBXFileReference; lastKnownFileType = sourcecode.swift; path = AddHabitView.swift; sourceTree = "<group>"; };
		7EA6C3EC2A72950C00DA4C41 /* WeekView.swift */ = {isa = PBXFileReference; lastKnownFileType = sourcecode.swift; path = WeekView.swift; sourceTree = "<group>"; };
		7EA6C3EE2A7295C100DA4C41 /* Week.swift */ = {isa = PBXFileReference; lastKnownFileType = sourcecode.swift; path = Week.swift; sourceTree = "<group>"; };
		7EE77DE92A6DDBC90058CDF8 /* Habiscus.xcdatamodel */ = {isa = PBXFileReference; lastKnownFileType = wrapper.xcdatamodel; path = Habiscus.xcdatamodel; sourceTree = "<group>"; };
		7EE77DEB2A6DDC2E0058CDF8 /* DataController.swift */ = {isa = PBXFileReference; lastKnownFileType = sourcecode.swift; path = DataController.swift; sourceTree = "<group>"; };
		7EE77DF52A6DE0310058CDF8 /* Count+CoreDataClass.swift */ = {isa = PBXFileReference; lastKnownFileType = sourcecode.swift; path = "Count+CoreDataClass.swift"; sourceTree = "<group>"; };
		7EE77DF62A6DE0310058CDF8 /* Count+CoreDataProperties.swift */ = {isa = PBXFileReference; lastKnownFileType = sourcecode.swift; path = "Count+CoreDataProperties.swift"; sourceTree = "<group>"; };
		7EE77DF72A6DE0310058CDF8 /* Habit+CoreDataClass.swift */ = {isa = PBXFileReference; lastKnownFileType = sourcecode.swift; path = "Habit+CoreDataClass.swift"; sourceTree = "<group>"; };
		7EE77DF82A6DE0310058CDF8 /* Habit+CoreDataProperties.swift */ = {isa = PBXFileReference; lastKnownFileType = sourcecode.swift; path = "Habit+CoreDataProperties.swift"; sourceTree = "<group>"; };
		7EF1E2B12A6EDE9C00DE3517 /* HabitRowView.swift */ = {isa = PBXFileReference; lastKnownFileType = sourcecode.swift; path = HabitRowView.swift; sourceTree = "<group>"; };
/* End PBXFileReference section */

/* Begin PBXFrameworksBuildPhase section */
		7E67A7992A6B52B9001E0C23 /* Frameworks */ = {
			isa = PBXFrameworksBuildPhase;
			buildActionMask = 2147483647;
			files = (
			);
			runOnlyForDeploymentPostprocessing = 0;
		};
/* End PBXFrameworksBuildPhase section */

/* Begin PBXGroup section */
		7E67A7932A6B52B9001E0C23 = {
			isa = PBXGroup;
			children = (
				7EE77DF52A6DE0310058CDF8 /* Count+CoreDataClass.swift */,
				7EE77DF62A6DE0310058CDF8 /* Count+CoreDataProperties.swift */,
				7EE77DF72A6DE0310058CDF8 /* Habit+CoreDataClass.swift */,
				7EE77DF82A6DE0310058CDF8 /* Habit+CoreDataProperties.swift */,
				7E67A79E2A6B52B9001E0C23 /* Habiscus */,
				7E67A79D2A6B52B9001E0C23 /* Products */,
			);
			sourceTree = "<group>";
		};
		7E67A79D2A6B52B9001E0C23 /* Products */ = {
			isa = PBXGroup;
			children = (
				7E67A79C2A6B52B9001E0C23 /* Habiscus.app */,
			);
			name = Products;
			sourceTree = "<group>";
		};
		7E67A79E2A6B52B9001E0C23 /* Habiscus */ = {
			isa = PBXGroup;
			children = (
				7EA6C3EE2A7295C100DA4C41 /* Week.swift */,
				7E67A79F2A6B52B9001E0C23 /* HabiscusApp.swift */,
				7E67A7A12A6B52B9001E0C23 /* ContentView.swift */,
				7EA6C3EC2A72950C00DA4C41 /* WeekView.swift */,
				7EF1E2B12A6EDE9C00DE3517 /* HabitRowView.swift */,
				7EE77DE82A6DDBC90058CDF8 /* Habiscus.xcdatamodeld */,
				7EE77DEB2A6DDC2E0058CDF8 /* DataController.swift */,
				7E3B01972A6D9A2900223905 /* HabitView.swift */,
				7E67A7B12A6B60CF001E0C23 /* AddHabitView.swift */,
				7E67A7AF2A6B5A88001E0C23 /* FileManager.swift */,
				7E67A7A32A6B52BA001E0C23 /* Assets.xcassets */,
				7E67A7A52A6B52BA001E0C23 /* Preview Content */,
			);
			path = Habiscus;
			sourceTree = "<group>";
		};
		7E67A7A52A6B52BA001E0C23 /* Preview Content */ = {
			isa = PBXGroup;
			children = (
				7E67A7A62A6B52BA001E0C23 /* Preview Assets.xcassets */,
			);
			path = "Preview Content";
			sourceTree = "<group>";
		};
/* End PBXGroup section */

/* Begin PBXNativeTarget section */
		7E67A79B2A6B52B9001E0C23 /* Habiscus */ = {
			isa = PBXNativeTarget;
			buildConfigurationList = 7E67A7AA2A6B52BA001E0C23 /* Build configuration list for PBXNativeTarget "Habiscus" */;
			buildPhases = (
				7E67A7982A6B52B9001E0C23 /* Sources */,
				7E67A7992A6B52B9001E0C23 /* Frameworks */,
				7E67A79A2A6B52B9001E0C23 /* Resources */,
			);
			buildRules = (
			);
			dependencies = (
			);
			name = Habiscus;
			productName = Habiscus;
			productReference = 7E67A79C2A6B52B9001E0C23 /* Habiscus.app */;
			productType = "com.apple.product-type.application";
		};
/* End PBXNativeTarget section */

/* Begin PBXProject section */
		7E67A7942A6B52B9001E0C23 /* Project object */ = {
			isa = PBXProject;
			attributes = {
				BuildIndependentTargetsInParallel = 1;
				LastSwiftUpdateCheck = 1430;
				LastUpgradeCheck = 1430;
				TargetAttributes = {
					7E67A79B2A6B52B9001E0C23 = {
						CreatedOnToolsVersion = 14.3.1;
					};
				};
			};
			buildConfigurationList = 7E67A7972A6B52B9001E0C23 /* Build configuration list for PBXProject "Habiscus" */;
			compatibilityVersion = "Xcode 14.0";
			developmentRegion = en;
			hasScannedForEncodings = 0;
			knownRegions = (
				en,
				Base,
			);
			mainGroup = 7E67A7932A6B52B9001E0C23;
			productRefGroup = 7E67A79D2A6B52B9001E0C23 /* Products */;
			projectDirPath = "";
			projectRoot = "";
			targets = (
				7E67A79B2A6B52B9001E0C23 /* Habiscus */,
			);
		};
/* End PBXProject section */

/* Begin PBXResourcesBuildPhase section */
		7E67A79A2A6B52B9001E0C23 /* Resources */ = {
			isa = PBXResourcesBuildPhase;
			buildActionMask = 2147483647;
			files = (
				7E67A7A72A6B52BA001E0C23 /* Preview Assets.xcassets in Resources */,
				7E67A7A42A6B52BA001E0C23 /* Assets.xcassets in Resources */,
			);
			runOnlyForDeploymentPostprocessing = 0;
		};
/* End PBXResourcesBuildPhase section */

/* Begin PBXSourcesBuildPhase section */
		7E67A7982A6B52B9001E0C23 /* Sources */ = {
			isa = PBXSourcesBuildPhase;
			buildActionMask = 2147483647;
			files = (
				7E67A7B22A6B60CF001E0C23 /* AddHabitView.swift in Sources */,
				7E67A7A22A6B52B9001E0C23 /* ContentView.swift in Sources */,
				7EE77DFB2A6DE0310058CDF8 /* Habit+CoreDataClass.swift in Sources */,
				7EA6C3ED2A72950C00DA4C41 /* WeekView.swift in Sources */,
				7EE77DFC2A6DE0310058CDF8 /* Habit+CoreDataProperties.swift in Sources */,
				7E3B01982A6D9A2900223905 /* HabitView.swift in Sources */,
				7EE77DEA2A6DDBC90058CDF8 /* Habiscus.xcdatamodeld in Sources */,
				7EE77DF92A6DE0310058CDF8 /* Count+CoreDataClass.swift in Sources */,
				7EE77DEC2A6DDC2E0058CDF8 /* DataController.swift in Sources */,
				7EA6C3EF2A7295C100DA4C41 /* Week.swift in Sources */,
				7EE77DFA2A6DE0310058CDF8 /* Count+CoreDataProperties.swift in Sources */,
				7EF1E2B22A6EDE9C00DE3517 /* HabitRowView.swift in Sources */,
				7E67A7A02A6B52B9001E0C23 /* HabiscusApp.swift in Sources */,
				7E67A7B02A6B5A88001E0C23 /* FileManager.swift in Sources */,
			);
			runOnlyForDeploymentPostprocessing = 0;
		};
/* End PBXSourcesBuildPhase section */

/* Begin XCBuildConfiguration section */
		7E67A7A82A6B52BA001E0C23 /* Debug */ = {
			isa = XCBuildConfiguration;
			buildSettings = {
				ALWAYS_SEARCH_USER_PATHS = NO;
				CLANG_ANALYZER_NONNULL = YES;
				CLANG_ANALYZER_NUMBER_OBJECT_CONVERSION = YES_AGGRESSIVE;
				CLANG_CXX_LANGUAGE_STANDARD = "gnu++20";
				CLANG_ENABLE_MODULES = YES;
				CLANG_ENABLE_OBJC_ARC = YES;
				CLANG_ENABLE_OBJC_WEAK = YES;
				CLANG_WARN_BLOCK_CAPTURE_AUTORELEASING = YES;
				CLANG_WARN_BOOL_CONVERSION = YES;
				CLANG_WARN_COMMA = YES;
				CLANG_WARN_CONSTANT_CONVERSION = YES;
				CLANG_WARN_DEPRECATED_OBJC_IMPLEMENTATIONS = YES;
				CLANG_WARN_DIRECT_OBJC_ISA_USAGE = YES_ERROR;
				CLANG_WARN_DOCUMENTATION_COMMENTS = YES;
				CLANG_WARN_EMPTY_BODY = YES;
				CLANG_WARN_ENUM_CONVERSION = YES;
				CLANG_WARN_INFINITE_RECURSION = YES;
				CLANG_WARN_INT_CONVERSION = YES;
				CLANG_WARN_NON_LITERAL_NULL_CONVERSION = YES;
				CLANG_WARN_OBJC_IMPLICIT_RETAIN_SELF = YES;
				CLANG_WARN_OBJC_LITERAL_CONVERSION = YES;
				CLANG_WARN_OBJC_ROOT_CLASS = YES_ERROR;
				CLANG_WARN_QUOTED_INCLUDE_IN_FRAMEWORK_HEADER = YES;
				CLANG_WARN_RANGE_LOOP_ANALYSIS = YES;
				CLANG_WARN_STRICT_PROTOTYPES = YES;
				CLANG_WARN_SUSPICIOUS_MOVE = YES;
				CLANG_WARN_UNGUARDED_AVAILABILITY = YES_AGGRESSIVE;
				CLANG_WARN_UNREACHABLE_CODE = YES;
				CLANG_WARN__DUPLICATE_METHOD_MATCH = YES;
				COPY_PHASE_STRIP = NO;
				DEBUG_INFORMATION_FORMAT = dwarf;
				ENABLE_STRICT_OBJC_MSGSEND = YES;
				ENABLE_TESTABILITY = YES;
				GCC_C_LANGUAGE_STANDARD = gnu11;
				GCC_DYNAMIC_NO_PIC = NO;
				GCC_NO_COMMON_BLOCKS = YES;
				GCC_OPTIMIZATION_LEVEL = 0;
				GCC_PREPROCESSOR_DEFINITIONS = (
					"DEBUG=1",
					"$(inherited)",
				);
				GCC_WARN_64_TO_32_BIT_CONVERSION = YES;
				GCC_WARN_ABOUT_RETURN_TYPE = YES_ERROR;
				GCC_WARN_UNDECLARED_SELECTOR = YES;
				GCC_WARN_UNINITIALIZED_AUTOS = YES_AGGRESSIVE;
				GCC_WARN_UNUSED_FUNCTION = YES;
				GCC_WARN_UNUSED_VARIABLE = YES;
				IPHONEOS_DEPLOYMENT_TARGET = 16.4;
				MTL_ENABLE_DEBUG_INFO = INCLUDE_SOURCE;
				MTL_FAST_MATH = YES;
				ONLY_ACTIVE_ARCH = YES;
				SDKROOT = iphoneos;
				SWIFT_ACTIVE_COMPILATION_CONDITIONS = DEBUG;
				SWIFT_OPTIMIZATION_LEVEL = "-Onone";
			};
			name = Debug;
		};
		7E67A7A92A6B52BA001E0C23 /* Release */ = {
			isa = XCBuildConfiguration;
			buildSettings = {
				ALWAYS_SEARCH_USER_PATHS = NO;
				CLANG_ANALYZER_NONNULL = YES;
				CLANG_ANALYZER_NUMBER_OBJECT_CONVERSION = YES_AGGRESSIVE;
				CLANG_CXX_LANGUAGE_STANDARD = "gnu++20";
				CLANG_ENABLE_MODULES = YES;
				CLANG_ENABLE_OBJC_ARC = YES;
				CLANG_ENABLE_OBJC_WEAK = YES;
				CLANG_WARN_BLOCK_CAPTURE_AUTORELEASING = YES;
				CLANG_WARN_BOOL_CONVERSION = YES;
				CLANG_WARN_COMMA = YES;
				CLANG_WARN_CONSTANT_CONVERSION = YES;
				CLANG_WARN_DEPRECATED_OBJC_IMPLEMENTATIONS = YES;
				CLANG_WARN_DIRECT_OBJC_ISA_USAGE = YES_ERROR;
				CLANG_WARN_DOCUMENTATION_COMMENTS = YES;
				CLANG_WARN_EMPTY_BODY = YES;
				CLANG_WARN_ENUM_CONVERSION = YES;
				CLANG_WARN_INFINITE_RECURSION = YES;
				CLANG_WARN_INT_CONVERSION = YES;
				CLANG_WARN_NON_LITERAL_NULL_CONVERSION = YES;
				CLANG_WARN_OBJC_IMPLICIT_RETAIN_SELF = YES;
				CLANG_WARN_OBJC_LITERAL_CONVERSION = YES;
				CLANG_WARN_OBJC_ROOT_CLASS = YES_ERROR;
				CLANG_WARN_QUOTED_INCLUDE_IN_FRAMEWORK_HEADER = YES;
				CLANG_WARN_RANGE_LOOP_ANALYSIS = YES;
				CLANG_WARN_STRICT_PROTOTYPES = YES;
				CLANG_WARN_SUSPICIOUS_MOVE = YES;
				CLANG_WARN_UNGUARDED_AVAILABILITY = YES_AGGRESSIVE;
				CLANG_WARN_UNREACHABLE_CODE = YES;
				CLANG_WARN__DUPLICATE_METHOD_MATCH = YES;
				COPY_PHASE_STRIP = NO;
				DEBUG_INFORMATION_FORMAT = "dwarf-with-dsym";
				ENABLE_NS_ASSERTIONS = NO;
				ENABLE_STRICT_OBJC_MSGSEND = YES;
				GCC_C_LANGUAGE_STANDARD = gnu11;
				GCC_NO_COMMON_BLOCKS = YES;
				GCC_WARN_64_TO_32_BIT_CONVERSION = YES;
				GCC_WARN_ABOUT_RETURN_TYPE = YES_ERROR;
				GCC_WARN_UNDECLARED_SELECTOR = YES;
				GCC_WARN_UNINITIALIZED_AUTOS = YES_AGGRESSIVE;
				GCC_WARN_UNUSED_FUNCTION = YES;
				GCC_WARN_UNUSED_VARIABLE = YES;
				IPHONEOS_DEPLOYMENT_TARGET = 16.4;
				MTL_ENABLE_DEBUG_INFO = NO;
				MTL_FAST_MATH = YES;
				SDKROOT = iphoneos;
				SWIFT_COMPILATION_MODE = wholemodule;
				SWIFT_OPTIMIZATION_LEVEL = "-O";
				VALIDATE_PRODUCT = YES;
			};
			name = Release;
		};
		7E67A7AB2A6B52BA001E0C23 /* Debug */ = {
			isa = XCBuildConfiguration;
			buildSettings = {
				ASSETCATALOG_COMPILER_APPICON_NAME = AppIcon;
				ASSETCATALOG_COMPILER_GLOBAL_ACCENT_COLOR_NAME = AccentColor;
				CODE_SIGN_STYLE = Automatic;
				CURRENT_PROJECT_VERSION = 1;
				DEVELOPMENT_ASSET_PATHS = "\"Habiscus/Preview Content\"";
				DEVELOPMENT_TEAM = 2798XB6UZN;
				ENABLE_PREVIEWS = YES;
				GENERATE_INFOPLIST_FILE = YES;
				INFOPLIST_KEY_UIApplicationSceneManifest_Generation = YES;
				INFOPLIST_KEY_UIApplicationSupportsIndirectInputEvents = YES;
				INFOPLIST_KEY_UILaunchScreen_Generation = YES;
				INFOPLIST_KEY_UISupportedInterfaceOrientations_iPad = "UIInterfaceOrientationPortrait UIInterfaceOrientationPortraitUpsideDown UIInterfaceOrientationLandscapeLeft UIInterfaceOrientationLandscapeRight";
				INFOPLIST_KEY_UISupportedInterfaceOrientations_iPhone = "UIInterfaceOrientationPortrait UIInterfaceOrientationLandscapeLeft UIInterfaceOrientationLandscapeRight";
				LD_RUNPATH_SEARCH_PATHS = (
					"$(inherited)",
					"@executable_path/Frameworks",
				);
				MARKETING_VERSION = 1.0;
				PRODUCT_BUNDLE_IDENTIFIER = com.SkylarClemens.Habiscus;
				PRODUCT_NAME = "$(TARGET_NAME)";
				SWIFT_EMIT_LOC_STRINGS = YES;
				SWIFT_VERSION = 5.0;
				TARGETED_DEVICE_FAMILY = "1,2";
			};
			name = Debug;
		};
		7E67A7AC2A6B52BA001E0C23 /* Release */ = {
			isa = XCBuildConfiguration;
			buildSettings = {
				ASSETCATALOG_COMPILER_APPICON_NAME = AppIcon;
				ASSETCATALOG_COMPILER_GLOBAL_ACCENT_COLOR_NAME = AccentColor;
				CODE_SIGN_STYLE = Automatic;
				CURRENT_PROJECT_VERSION = 1;
				DEVELOPMENT_ASSET_PATHS = "\"Habiscus/Preview Content\"";
				DEVELOPMENT_TEAM = 2798XB6UZN;
				ENABLE_PREVIEWS = YES;
				GENERATE_INFOPLIST_FILE = YES;
				INFOPLIST_KEY_UIApplicationSceneManifest_Generation = YES;
				INFOPLIST_KEY_UIApplicationSupportsIndirectInputEvents = YES;
				INFOPLIST_KEY_UILaunchScreen_Generation = YES;
				INFOPLIST_KEY_UISupportedInterfaceOrientations_iPad = "UIInterfaceOrientationPortrait UIInterfaceOrientationPortraitUpsideDown UIInterfaceOrientationLandscapeLeft UIInterfaceOrientationLandscapeRight";
				INFOPLIST_KEY_UISupportedInterfaceOrientations_iPhone = "UIInterfaceOrientationPortrait UIInterfaceOrientationLandscapeLeft UIInterfaceOrientationLandscapeRight";
				LD_RUNPATH_SEARCH_PATHS = (
					"$(inherited)",
					"@executable_path/Frameworks",
				);
				MARKETING_VERSION = 1.0;
				PRODUCT_BUNDLE_IDENTIFIER = com.SkylarClemens.Habiscus;
				PRODUCT_NAME = "$(TARGET_NAME)";
				SWIFT_EMIT_LOC_STRINGS = YES;
				SWIFT_VERSION = 5.0;
				TARGETED_DEVICE_FAMILY = "1,2";
			};
			name = Release;
		};
/* End XCBuildConfiguration section */

/* Begin XCConfigurationList section */
		7E67A7972A6B52B9001E0C23 /* Build configuration list for PBXProject "Habiscus" */ = {
			isa = XCConfigurationList;
			buildConfigurations = (
				7E67A7A82A6B52BA001E0C23 /* Debug */,
				7E67A7A92A6B52BA001E0C23 /* Release */,
			);
			defaultConfigurationIsVisible = 0;
			defaultConfigurationName = Release;
		};
		7E67A7AA2A6B52BA001E0C23 /* Build configuration list for PBXNativeTarget "Habiscus" */ = {
			isa = XCConfigurationList;
			buildConfigurations = (
				7E67A7AB2A6B52BA001E0C23 /* Debug */,
				7E67A7AC2A6B52BA001E0C23 /* Release */,
			);
			defaultConfigurationIsVisible = 0;
			defaultConfigurationName = Release;
		};
/* End XCConfigurationList section */

/* Begin XCVersionGroup section */
		7EE77DE82A6DDBC90058CDF8 /* Habiscus.xcdatamodeld */ = {
			isa = XCVersionGroup;
			children = (
				7EE77DE92A6DDBC90058CDF8 /* Habiscus.xcdatamodel */,
			);
			currentVersion = 7EE77DE92A6DDBC90058CDF8 /* Habiscus.xcdatamodel */;
			path = Habiscus.xcdatamodeld;
			sourceTree = "<group>";
			versionGroupType = wrapper.xcdatamodel;
		};
/* End XCVersionGroup section */
	};
	rootObject = 7E67A7942A6B52B9001E0C23 /* Project object */;
}
