// !$*UTF8*$!
{
	archiveVersion = 1;
	classes = {
	};
	objectVersion = 56;
	objects = {

/* Begin PBXBuildFile section */
		7E06CD0B2A9122E400B64FB3 /* Previewing.swift in Sources */ = {isa = PBXBuildFile; fileRef = 7E06CD0A2A9122E400B64FB3 /* Previewing.swift */; };
		7E1261622A742200009F15C9 /* HabitManager.swift in Sources */ = {isa = PBXBuildFile; fileRef = 7E1261612A742200009F15C9 /* HabitManager.swift */; };
		7E12616F2A7446B3009F15C9 /* Progress+CoreDataClass.swift in Sources */ = {isa = PBXBuildFile; fileRef = 7E12616D2A7446B3009F15C9 /* Progress+CoreDataClass.swift */; };
		7E1261702A7446B3009F15C9 /* Progress+CoreDataProperties.swift in Sources */ = {isa = PBXBuildFile; fileRef = 7E12616E2A7446B3009F15C9 /* Progress+CoreDataProperties.swift */; };
		7E13C7562A8441EE006EBA82 /* StatisticsView.swift in Sources */ = {isa = PBXBuildFile; fileRef = 7E13C7552A8441EE006EBA82 /* StatisticsView.swift */; };
		7E29FDA92AFFEE0A006C98F0 /* TimePickerWheel.swift in Sources */ = {isa = PBXBuildFile; fileRef = 7E29FDA82AFFEE0A006C98F0 /* TimePickerWheel.swift */; };
		7E29FDAC2B001A9A006C98F0 /* EmotionRatingActionView.swift in Sources */ = {isa = PBXBuildFile; fileRef = 7E29FDAB2B001A9A006C98F0 /* EmotionRatingActionView.swift */; };
		7E29FDAE2B001D04006C98F0 /* StartActionsView.swift in Sources */ = {isa = PBXBuildFile; fileRef = 7E29FDAD2B001D04006C98F0 /* StartActionsView.swift */; };
		7E29FDB02B002371006C98F0 /* ActionView.swift in Sources */ = {isa = PBXBuildFile; fileRef = 7E29FDAF2B002371006C98F0 /* ActionView.swift */; };
		7E3305B32A96CDCA0017678B /* Errors.swift in Sources */ = {isa = PBXBuildFile; fileRef = 7E3305B22A96CDCA0017678B /* Errors.swift */; };
		7E34D8762A82EE9700A7D649 /* IconPickerView.swift in Sources */ = {isa = PBXBuildFile; fileRef = 7E34D8752A82EE9700A7D649 /* IconPickerView.swift */; };
		7E34D87E2A82F47300A7D649 /* EmojiManager.swift in Sources */ = {isa = PBXBuildFile; fileRef = 7E34D87D2A82F47300A7D649 /* EmojiManager.swift */; };
		7E36B7422A956F28006D4632 /* ToastManager.swift in Sources */ = {isa = PBXBuildFile; fileRef = 7E36B7412A956F28006D4632 /* ToastManager.swift */; };
		7E3AE2182A96D37600BFAC65 /* HabiscusAppIntents.swift in Sources */ = {isa = PBXBuildFile; fileRef = 7E2DF2CB2A96A66900890B8E /* HabiscusAppIntents.swift */; };
		7E3AE2192A96D37900BFAC65 /* HabiscusShortcuts.swift in Sources */ = {isa = PBXBuildFile; fileRef = 7E2DF2D92A96AD6C00890B8E /* HabiscusShortcuts.swift */; };
		7E3AE21A2A96D37B00BFAC65 /* HabitEntity.swift in Sources */ = {isa = PBXBuildFile; fileRef = 7E2DF2DB2A96ADF400890B8E /* HabitEntity.swift */; };
		7E3BE9142A8C27EA008C1503 /* AddCountView.swift in Sources */ = {isa = PBXBuildFile; fileRef = 7E3BE9132A8C27EA008C1503 /* AddCountView.swift */; };
		7E4EAC762A93D91700EC16A5 /* Notification+CoreDataClass.swift in Sources */ = {isa = PBXBuildFile; fileRef = 7E4EAC722A93D91700EC16A5 /* Notification+CoreDataClass.swift */; };
		7E4EAC772A93D91700EC16A5 /* Notification+CoreDataProperties.swift in Sources */ = {isa = PBXBuildFile; fileRef = 7E4EAC732A93D91700EC16A5 /* Notification+CoreDataProperties.swift */; };
		7E4EAC782A93D91700EC16A5 /* Habit+CoreDataClass.swift in Sources */ = {isa = PBXBuildFile; fileRef = 7E4EAC742A93D91700EC16A5 /* Habit+CoreDataClass.swift */; };
		7E4EAC792A93D91700EC16A5 /* Habit+CoreDataProperties.swift in Sources */ = {isa = PBXBuildFile; fileRef = 7E4EAC752A93D91700EC16A5 /* Habit+CoreDataProperties.swift */; };
		7E4EAC7C2A9401E900EC16A5 /* SettingsView.swift in Sources */ = {isa = PBXBuildFile; fileRef = 7E4EAC7B2A9401E900EC16A5 /* SettingsView.swift */; };
		7E4EAC7E2A94030400EC16A5 /* ArchiveView.swift in Sources */ = {isa = PBXBuildFile; fileRef = 7E4EAC7D2A94030400EC16A5 /* ArchiveView.swift */; };
		7E4EF3E52A96C9E60006E33C /* HabitsManager.swift in Sources */ = {isa = PBXBuildFile; fileRef = 7E4EF3E42A96C9E60006E33C /* HabitsManager.swift */; };
		7E5074CE2AF718E500872D4A /* Assets.xcassets in Resources */ = {isa = PBXBuildFile; fileRef = 7E67A7A32A6B52BA001E0C23 /* Assets.xcassets */; };
		7E55A2EC2B028C560060CE66 /* HabitProgressMethod.swift in Sources */ = {isa = PBXBuildFile; fileRef = 7E55A2EB2B028C560060CE66 /* HabitProgressMethod.swift */; };
		7E55A2ED2B028C880060CE66 /* HabitProgressMethod.swift in Sources */ = {isa = PBXBuildFile; fileRef = 7E55A2EB2B028C560060CE66 /* HabitProgressMethod.swift */; };
		7E56091D2A9428CC0003568D /* HomeView.swift in Sources */ = {isa = PBXBuildFile; fileRef = 7E56091C2A9428CC0003568D /* HomeView.swift */; };
		7E5609202A951C880003568D /* ColorSchemeViewModifier.swift in Sources */ = {isa = PBXBuildFile; fileRef = 7E56091F2A951C880003568D /* ColorSchemeViewModifier.swift */; };
		7E5609222A9522410003568D /* AppearanceView.swift in Sources */ = {isa = PBXBuildFile; fileRef = 7E5609212A9522410003568D /* AppearanceView.swift */; };
		7E5609242A95357F0003568D /* RemindersSettingsView.swift in Sources */ = {isa = PBXBuildFile; fileRef = 7E5609232A95357F0003568D /* RemindersSettingsView.swift */; };
		7E5609282A9541940003568D /* ToastViewModifier.swift in Sources */ = {isa = PBXBuildFile; fileRef = 7E5609272A9541940003568D /* ToastViewModifier.swift */; };
		7E56092A2A9541CF0003568D /* View.swift in Sources */ = {isa = PBXBuildFile; fileRef = 7E5609292A9541CF0003568D /* View.swift */; };
		7E56092D2A95462D0003568D /* AlertView.swift in Sources */ = {isa = PBXBuildFile; fileRef = 7E56092C2A95462D0003568D /* AlertView.swift */; };
		7E56092F2A9566C90003568D /* EmptyViewModifier.swift in Sources */ = {isa = PBXBuildFile; fileRef = 7E56092E2A9566C90003568D /* EmptyViewModifier.swift */; };
		7E5FFE6F2AFEE84000C644A3 /* ActionSelectorView.swift in Sources */ = {isa = PBXBuildFile; fileRef = 7E5FFE6E2AFEE84000C644A3 /* ActionSelectorView.swift */; };
		7E5FFE732AFEE94A00C644A3 /* Action+CoreDataClass.swift in Sources */ = {isa = PBXBuildFile; fileRef = 7E5FFE712AFEE94A00C644A3 /* Action+CoreDataClass.swift */; };
		7E5FFE742AFEE94A00C644A3 /* Action+CoreDataClass.swift in Sources */ = {isa = PBXBuildFile; fileRef = 7E5FFE712AFEE94A00C644A3 /* Action+CoreDataClass.swift */; };
		7E5FFE752AFEE94A00C644A3 /* Action+CoreDataProperties.swift in Sources */ = {isa = PBXBuildFile; fileRef = 7E5FFE722AFEE94A00C644A3 /* Action+CoreDataProperties.swift */; };
		7E5FFE762AFEE94A00C644A3 /* Action+CoreDataProperties.swift in Sources */ = {isa = PBXBuildFile; fileRef = 7E5FFE722AFEE94A00C644A3 /* Action+CoreDataProperties.swift */; };
		7E5FFE782AFEEA6100C644A3 /* ActionManager.swift in Sources */ = {isa = PBXBuildFile; fileRef = 7E5FFE772AFEEA6100C644A3 /* ActionManager.swift */; };
		7E5FFE792AFEEA6100C644A3 /* ActionManager.swift in Sources */ = {isa = PBXBuildFile; fileRef = 7E5FFE772AFEEA6100C644A3 /* ActionManager.swift */; };
		7E67A7A02A6B52B9001E0C23 /* HabiscusApp.swift in Sources */ = {isa = PBXBuildFile; fileRef = 7E67A79F2A6B52B9001E0C23 /* HabiscusApp.swift */; };
		7E67A7A22A6B52B9001E0C23 /* ContentView.swift in Sources */ = {isa = PBXBuildFile; fileRef = 7E67A7A12A6B52B9001E0C23 /* ContentView.swift */; };
		7E67A7A42A6B52BA001E0C23 /* Assets.xcassets in Resources */ = {isa = PBXBuildFile; fileRef = 7E67A7A32A6B52BA001E0C23 /* Assets.xcassets */; };
		7E67A7A72A6B52BA001E0C23 /* Preview Assets.xcassets in Resources */ = {isa = PBXBuildFile; fileRef = 7E67A7A62A6B52BA001E0C23 /* Preview Assets.xcassets */; };
		7E67A7B02A6B5A88001E0C23 /* FileManager.swift in Sources */ = {isa = PBXBuildFile; fileRef = 7E67A7AF2A6B5A88001E0C23 /* FileManager.swift */; };
		7E697DD42A843B84000EC5D8 /* HabitView.swift in Sources */ = {isa = PBXBuildFile; fileRef = 7E697DD32A843B84000EC5D8 /* HabitView.swift */; };
		7E80A7EB2A7D9CC90035F658 /* complete.mp3 in Resources */ = {isa = PBXBuildFile; fileRef = 7E80A7EA2A7D9CC90035F658 /* complete.mp3 */; };
		7E80A7ED2A7D9CFB0035F658 /* SoundManager.swift in Sources */ = {isa = PBXBuildFile; fileRef = 7E80A7EC2A7D9CFB0035F658 /* SoundManager.swift */; };
		7E83225D2A72F3E200042486 /* HabitListView.swift in Sources */ = {isa = PBXBuildFile; fileRef = 7E83225C2A72F3E200042486 /* HabitListView.swift */; };
		7E8460D22AF6E62A008043B6 /* WidgetKit.framework in Frameworks */ = {isa = PBXBuildFile; fileRef = 7E8460D12AF6E62A008043B6 /* WidgetKit.framework */; };
		7E8460D42AF6E62A008043B6 /* SwiftUI.framework in Frameworks */ = {isa = PBXBuildFile; fileRef = 7E8460D32AF6E62A008043B6 /* SwiftUI.framework */; };
		7E8460D72AF6E62A008043B6 /* HabiscusWidgetBundle.swift in Sources */ = {isa = PBXBuildFile; fileRef = 7E8460D62AF6E62A008043B6 /* HabiscusWidgetBundle.swift */; };
		7E8460D92AF6E62A008043B6 /* HabiscusWidget.swift in Sources */ = {isa = PBXBuildFile; fileRef = 7E8460D82AF6E62A008043B6 /* HabiscusWidget.swift */; };
		7E8460DB2AF6E62D008043B6 /* Assets.xcassets in Resources */ = {isa = PBXBuildFile; fileRef = 7E8460DA2AF6E62D008043B6 /* Assets.xcassets */; };
		7E8460DF2AF6E62D008043B6 /* HabiscusWidgetExtension.appex in Embed Foundation Extensions */ = {isa = PBXBuildFile; fileRef = 7E8460CF2AF6E62A008043B6 /* HabiscusWidgetExtension.appex */; settings = {ATTRIBUTES = (RemoveHeadersOnCopy, ); }; };
		7E8460E62AF6E8C9008043B6 /* SmallHabitView.swift in Sources */ = {isa = PBXBuildFile; fileRef = 7E8460E42AF6E6D6008043B6 /* SmallHabitView.swift */; };
		7E8460E72AF6E8D9008043B6 /* GoalCounterView.swift in Sources */ = {isa = PBXBuildFile; fileRef = 7E8C91222A7302EF0006055C /* GoalCounterView.swift */; };
		7E8460E82AF6E8E3008043B6 /* Habit+CoreDataClass.swift in Sources */ = {isa = PBXBuildFile; fileRef = 7E4EAC742A93D91700EC16A5 /* Habit+CoreDataClass.swift */; };
		7E8460E92AF6E8E3008043B6 /* Progress+CoreDataClass.swift in Sources */ = {isa = PBXBuildFile; fileRef = 7E12616D2A7446B3009F15C9 /* Progress+CoreDataClass.swift */; };
		7E8460EA2AF6E8E3008043B6 /* Count+CoreDataClass.swift in Sources */ = {isa = PBXBuildFile; fileRef = 7EE77DF52A6DE0310058CDF8 /* Count+CoreDataClass.swift */; };
		7E8460EB2AF6E8E3008043B6 /* Count+CoreDataProperties.swift in Sources */ = {isa = PBXBuildFile; fileRef = 7EE77DF62A6DE0310058CDF8 /* Count+CoreDataProperties.swift */; };
		7E8460EC2AF6E8E3008043B6 /* Habit+CoreDataProperties.swift in Sources */ = {isa = PBXBuildFile; fileRef = 7E4EAC752A93D91700EC16A5 /* Habit+CoreDataProperties.swift */; };
		7E8460ED2AF6E8E3008043B6 /* Progress+CoreDataProperties.swift in Sources */ = {isa = PBXBuildFile; fileRef = 7E12616E2A7446B3009F15C9 /* Progress+CoreDataProperties.swift */; };
		7E8460EE2AF6E8E7008043B6 /* Weekday.swift in Sources */ = {isa = PBXBuildFile; fileRef = 7EF7DCC62A8D15C7007AF16C /* Weekday.swift */; };
		7E8460EF2AF6E8EA008043B6 /* Date.swift in Sources */ = {isa = PBXBuildFile; fileRef = 7EA68A772A79555A001C6067 /* Date.swift */; };
		7E8460F02AF6E8FF008043B6 /* IconView.swift in Sources */ = {isa = PBXBuildFile; fileRef = 7EB7708F2A8423BE00559D73 /* IconView.swift */; };
		7E8460F12AF6E907008043B6 /* Previewing.swift in Sources */ = {isa = PBXBuildFile; fileRef = 7E06CD0A2A9122E400B64FB3 /* Previewing.swift */; };
		7E8460F22AF6E915008043B6 /* DataController.swift in Sources */ = {isa = PBXBuildFile; fileRef = 7EE77DEB2A6DDC2E0058CDF8 /* DataController.swift */; };
		7E8460F42AF6E937008043B6 /* Notification+CoreDataClass.swift in Sources */ = {isa = PBXBuildFile; fileRef = 7E4EAC722A93D91700EC16A5 /* Notification+CoreDataClass.swift */; };
		7E8460F52AF6E937008043B6 /* Notification+CoreDataProperties.swift in Sources */ = {isa = PBXBuildFile; fileRef = 7E4EAC732A93D91700EC16A5 /* Notification+CoreDataProperties.swift */; };
		7E8460F62AF6ED21008043B6 /* HabitsManager.swift in Sources */ = {isa = PBXBuildFile; fileRef = 7E4EF3E42A96C9E60006E33C /* HabitsManager.swift */; };
		7E8460F72AF6ED2E008043B6 /* Errors.swift in Sources */ = {isa = PBXBuildFile; fileRef = 7E3305B22A96CDCA0017678B /* Errors.swift */; };
		7E8460F82AF6EF17008043B6 /* Habiscus.xcdatamodeld in Sources */ = {isa = PBXBuildFile; fileRef = 7EE77DE82A6DDBC90058CDF8 /* Habiscus.xcdatamodeld */; };
		7E86D00D2AFC22FF008E41B8 /* RedactedHabitView.swift in Sources */ = {isa = PBXBuildFile; fileRef = 7E86D00C2AFC22FF008E41B8 /* RedactedHabitView.swift */; };
		7E86D0102AFC2599008E41B8 /* WelcomeView.swift in Sources */ = {isa = PBXBuildFile; fileRef = 7E86D00F2AFC2599008E41B8 /* WelcomeView.swift */; };
		7E8C91232A7302EF0006055C /* GoalCounterView.swift in Sources */ = {isa = PBXBuildFile; fileRef = 7E8C91222A7302EF0006055C /* GoalCounterView.swift */; };
		7E911C492A97D1DA00CB7B7B /* Navigator.swift in Sources */ = {isa = PBXBuildFile; fileRef = 7E911C482A97D1DA00CB7B7B /* Navigator.swift */; };
		7E93174F2A7D84160074E210 /* HapticManager.swift in Sources */ = {isa = PBXBuildFile; fileRef = 7E93174E2A7D84160074E210 /* HapticManager.swift */; };
		7E9684432AF9699900BBCAD4 /* HabitEntity.swift in Sources */ = {isa = PBXBuildFile; fileRef = 7E2DF2DB2A96ADF400890B8E /* HabitEntity.swift */; };
		7E96844A2AF96AC400BBCAD4 /* HabitIntent.swift in Sources */ = {isa = PBXBuildFile; fileRef = 7E9684482AF96A9400BBCAD4 /* HabitIntent.swift */; };
		7E96844B2AF96ACE00BBCAD4 /* HabitIntent.swift in Sources */ = {isa = PBXBuildFile; fileRef = 7E9684482AF96A9400BBCAD4 /* HabitIntent.swift */; };
		7E96844E2AF97FA900BBCAD4 /* HabitModel.swift in Sources */ = {isa = PBXBuildFile; fileRef = 7E96844C2AF97FA400BBCAD4 /* HabitModel.swift */; };
		7E9684532AF9900E00BBCAD4 /* HabitManager.swift in Sources */ = {isa = PBXBuildFile; fileRef = 7E1261612A742200009F15C9 /* HabitManager.swift */; };
		7E9684542AF9902000BBCAD4 /* ToastManager.swift in Sources */ = {isa = PBXBuildFile; fileRef = 7E36B7412A956F28006D4632 /* ToastManager.swift */; };
		7E9684552AF9902200BBCAD4 /* NotificationManager.swift in Sources */ = {isa = PBXBuildFile; fileRef = 7EE5ED342A8E7E42007424CD /* NotificationManager.swift */; };
		7E9684562AF9902900BBCAD4 /* HapticManager.swift in Sources */ = {isa = PBXBuildFile; fileRef = 7E93174E2A7D84160074E210 /* HapticManager.swift */; };
		7EA68A782A79555A001C6067 /* Date.swift in Sources */ = {isa = PBXBuildFile; fileRef = 7EA68A772A79555A001C6067 /* Date.swift */; };
		7EA6C3ED2A72950C00DA4C41 /* MultiWeekView.swift in Sources */ = {isa = PBXBuildFile; fileRef = 7EA6C3EC2A72950C00DA4C41 /* MultiWeekView.swift */; };
		7EA6C3EF2A7295C100DA4C41 /* Week.swift in Sources */ = {isa = PBXBuildFile; fileRef = 7EA6C3EE2A7295C100DA4C41 /* Week.swift */; };
		7EA9FEAA2A82F6960084A843 /* Bundle-Decodable.swift in Sources */ = {isa = PBXBuildFile; fileRef = 7EA9FEA92A82F6960084A843 /* Bundle-Decodable.swift */; };
		7EAAB24D2A8BD9C00075F9EB /* WeekView.swift in Sources */ = {isa = PBXBuildFile; fileRef = 7EAAB24C2A8BD9C00075F9EB /* WeekView.swift */; };
		7EB1C77A2A83E2A7008CB6C3 /* emoji.json in Resources */ = {isa = PBXBuildFile; fileRef = 7EB1C7792A83E2A7008CB6C3 /* emoji.json */; };
		7EB770902A8423BE00559D73 /* IconView.swift in Sources */ = {isa = PBXBuildFile; fileRef = 7EB7708F2A8423BE00559D73 /* IconView.swift */; };
		7ECD695B2A7D31930096AF19 /* CalendarGridView.swift in Sources */ = {isa = PBXBuildFile; fileRef = 7ECD695A2A7D31930096AF19 /* CalendarGridView.swift */; };
		7ED649712B017D910083E80D /* TimerActionView.swift in Sources */ = {isa = PBXBuildFile; fileRef = 7ED649702B017D910083E80D /* TimerActionView.swift */; };
		7ED649732B017D9B0083E80D /* NotesActionView.swift in Sources */ = {isa = PBXBuildFile; fileRef = 7ED649722B017D9B0083E80D /* NotesActionView.swift */; };
		7ED93E152A7AE2B0000C41B9 /* CountGridView.swift in Sources */ = {isa = PBXBuildFile; fileRef = 7ED93E142A7AE2B0000C41B9 /* CountGridView.swift */; };
		7EE0FCA02AFAD55A00F600D0 /* AdditionalOptionsView.swift in Sources */ = {isa = PBXBuildFile; fileRef = 7EE0FC9F2AFAD55A00F600D0 /* AdditionalOptionsView.swift */; };
		7EE16BD02A9015D1002720DC /* EditHabitView.swift in Sources */ = {isa = PBXBuildFile; fileRef = 7EE16BCF2A9015D1002720DC /* EditHabitView.swift */; };
		7EE5ED2F2A8E79AA007424CD /* RemindersView.swift in Sources */ = {isa = PBXBuildFile; fileRef = 7EE5ED2E2A8E79AA007424CD /* RemindersView.swift */; };
		7EE5ED312A8E7AC5007424CD /* ColorPickerView.swift in Sources */ = {isa = PBXBuildFile; fileRef = 7EE5ED302A8E7AC5007424CD /* ColorPickerView.swift */; };
		7EE5ED332A8E7B4C007424CD /* DateOptions.swift in Sources */ = {isa = PBXBuildFile; fileRef = 7EE5ED322A8E7B4C007424CD /* DateOptions.swift */; };
		7EE5ED352A8E7E42007424CD /* NotificationManager.swift in Sources */ = {isa = PBXBuildFile; fileRef = 7EE5ED342A8E7E42007424CD /* NotificationManager.swift */; };
		7EE5ED372A8E9656007424CD /* MultiSelect.swift in Sources */ = {isa = PBXBuildFile; fileRef = 7EE5ED362A8E9656007424CD /* MultiSelect.swift */; };
		7EE77DEA2A6DDBC90058CDF8 /* Habiscus.xcdatamodeld in Sources */ = {isa = PBXBuildFile; fileRef = 7EE77DE82A6DDBC90058CDF8 /* Habiscus.xcdatamodeld */; };
		7EE77DEC2A6DDC2E0058CDF8 /* DataController.swift in Sources */ = {isa = PBXBuildFile; fileRef = 7EE77DEB2A6DDC2E0058CDF8 /* DataController.swift */; };
		7EE77DF92A6DE0310058CDF8 /* Count+CoreDataClass.swift in Sources */ = {isa = PBXBuildFile; fileRef = 7EE77DF52A6DE0310058CDF8 /* Count+CoreDataClass.swift */; };
		7EE77DFA2A6DE0310058CDF8 /* Count+CoreDataProperties.swift in Sources */ = {isa = PBXBuildFile; fileRef = 7EE77DF62A6DE0310058CDF8 /* Count+CoreDataProperties.swift */; };
		7EF1E2B22A6EDE9C00DE3517 /* HabitRowView.swift in Sources */ = {isa = PBXBuildFile; fileRef = 7EF1E2B12A6EDE9C00DE3517 /* HabitRowView.swift */; };
		7EF7DCC72A8D15C7007AF16C /* Weekday.swift in Sources */ = {isa = PBXBuildFile; fileRef = 7EF7DCC62A8D15C7007AF16C /* Weekday.swift */; };
		7EF9C85B2A7B1DFC006E5130 /* CalendarView.swift in Sources */ = {isa = PBXBuildFile; fileRef = 7EF9C85A2A7B1DFC006E5130 /* CalendarView.swift */; };
		7EFE65BA2A928391009E655F /* DataOperation.swift in Sources */ = {isa = PBXBuildFile; fileRef = 7EFE65B92A928391009E655F /* DataOperation.swift */; };
/* End PBXBuildFile section */

/* Begin PBXContainerItemProxy section */
		7E8460DD2AF6E62D008043B6 /* PBXContainerItemProxy */ = {
			isa = PBXContainerItemProxy;
			containerPortal = 7E67A7942A6B52B9001E0C23 /* Project object */;
			proxyType = 1;
			remoteGlobalIDString = 7E8460CE2AF6E62A008043B6;
			remoteInfo = HabiscusWidgetExtension;
		};
/* End PBXContainerItemProxy section */

/* Begin PBXCopyFilesBuildPhase section */
		7E2DF2D42A96A66900890B8E /* Embed ExtensionKit Extensions */ = {
			isa = PBXCopyFilesBuildPhase;
			buildActionMask = 2147483647;
			dstPath = "$(EXTENSIONS_FOLDER_PATH)";
			dstSubfolderSpec = 16;
			files = (
			);
			name = "Embed ExtensionKit Extensions";
			runOnlyForDeploymentPostprocessing = 0;
		};
		7E8460E02AF6E62D008043B6 /* Embed Foundation Extensions */ = {
			isa = PBXCopyFilesBuildPhase;
			buildActionMask = 12;
			dstPath = "";
			dstSubfolderSpec = 13;
			files = (
				7E8460DF2AF6E62D008043B6 /* HabiscusWidgetExtension.appex in Embed Foundation Extensions */,
			);
			name = "Embed Foundation Extensions";
			runOnlyForDeploymentPostprocessing = 0;
		};
/* End PBXCopyFilesBuildPhase section */

/* Begin PBXFileReference section */
		7E06CD0A2A9122E400B64FB3 /* Previewing.swift */ = {isa = PBXFileReference; lastKnownFileType = sourcecode.swift; path = Previewing.swift; sourceTree = "<group>"; };
		7E1261612A742200009F15C9 /* HabitManager.swift */ = {isa = PBXFileReference; lastKnownFileType = sourcecode.swift; path = HabitManager.swift; sourceTree = "<group>"; };
		7E12616D2A7446B3009F15C9 /* Progress+CoreDataClass.swift */ = {isa = PBXFileReference; lastKnownFileType = sourcecode.swift; path = "Progress+CoreDataClass.swift"; sourceTree = "<group>"; };
		7E12616E2A7446B3009F15C9 /* Progress+CoreDataProperties.swift */ = {isa = PBXFileReference; lastKnownFileType = sourcecode.swift; path = "Progress+CoreDataProperties.swift"; sourceTree = "<group>"; };
		7E13C7552A8441EE006EBA82 /* StatisticsView.swift */ = {isa = PBXFileReference; lastKnownFileType = sourcecode.swift; path = StatisticsView.swift; sourceTree = "<group>"; };
		7E29FDA82AFFEE0A006C98F0 /* TimePickerWheel.swift */ = {isa = PBXFileReference; lastKnownFileType = sourcecode.swift; path = TimePickerWheel.swift; sourceTree = "<group>"; };
		7E29FDAB2B001A9A006C98F0 /* EmotionRatingActionView.swift */ = {isa = PBXFileReference; lastKnownFileType = sourcecode.swift; path = EmotionRatingActionView.swift; sourceTree = "<group>"; };
		7E29FDAD2B001D04006C98F0 /* StartActionsView.swift */ = {isa = PBXFileReference; lastKnownFileType = sourcecode.swift; path = StartActionsView.swift; sourceTree = "<group>"; };
		7E29FDAF2B002371006C98F0 /* ActionView.swift */ = {isa = PBXFileReference; lastKnownFileType = sourcecode.swift; path = ActionView.swift; sourceTree = "<group>"; };
		7E2DF2C22A96A30200890B8E /* Habiscus.entitlements */ = {isa = PBXFileReference; lastKnownFileType = text.plist.entitlements; path = Habiscus.entitlements; sourceTree = "<group>"; };
		7E2DF2CB2A96A66900890B8E /* HabiscusAppIntents.swift */ = {isa = PBXFileReference; lastKnownFileType = sourcecode.swift; path = HabiscusAppIntents.swift; sourceTree = "<group>"; };
		7E2DF2D92A96AD6C00890B8E /* HabiscusShortcuts.swift */ = {isa = PBXFileReference; lastKnownFileType = sourcecode.swift; path = HabiscusShortcuts.swift; sourceTree = "<group>"; };
		7E2DF2DB2A96ADF400890B8E /* HabitEntity.swift */ = {isa = PBXFileReference; lastKnownFileType = sourcecode.swift; path = HabitEntity.swift; sourceTree = "<group>"; };
		7E3305B22A96CDCA0017678B /* Errors.swift */ = {isa = PBXFileReference; lastKnownFileType = sourcecode.swift; path = Errors.swift; sourceTree = "<group>"; };
		7E34D8752A82EE9700A7D649 /* IconPickerView.swift */ = {isa = PBXFileReference; lastKnownFileType = sourcecode.swift; path = IconPickerView.swift; sourceTree = "<group>"; };
		7E34D87D2A82F47300A7D649 /* EmojiManager.swift */ = {isa = PBXFileReference; lastKnownFileType = sourcecode.swift; path = EmojiManager.swift; sourceTree = "<group>"; };
		7E36B7412A956F28006D4632 /* ToastManager.swift */ = {isa = PBXFileReference; lastKnownFileType = sourcecode.swift; path = ToastManager.swift; sourceTree = "<group>"; };
		7E3BE9132A8C27EA008C1503 /* AddCountView.swift */ = {isa = PBXFileReference; lastKnownFileType = sourcecode.swift; path = AddCountView.swift; sourceTree = "<group>"; };
		7E4EAC722A93D91700EC16A5 /* Notification+CoreDataClass.swift */ = {isa = PBXFileReference; lastKnownFileType = sourcecode.swift; path = "Notification+CoreDataClass.swift"; sourceTree = "<group>"; };
		7E4EAC732A93D91700EC16A5 /* Notification+CoreDataProperties.swift */ = {isa = PBXFileReference; lastKnownFileType = sourcecode.swift; path = "Notification+CoreDataProperties.swift"; sourceTree = "<group>"; };
		7E4EAC742A93D91700EC16A5 /* Habit+CoreDataClass.swift */ = {isa = PBXFileReference; lastKnownFileType = sourcecode.swift; path = "Habit+CoreDataClass.swift"; sourceTree = "<group>"; };
		7E4EAC752A93D91700EC16A5 /* Habit+CoreDataProperties.swift */ = {isa = PBXFileReference; lastKnownFileType = sourcecode.swift; path = "Habit+CoreDataProperties.swift"; sourceTree = "<group>"; };
		7E4EAC7B2A9401E900EC16A5 /* SettingsView.swift */ = {isa = PBXFileReference; lastKnownFileType = sourcecode.swift; path = SettingsView.swift; sourceTree = "<group>"; };
		7E4EAC7D2A94030400EC16A5 /* ArchiveView.swift */ = {isa = PBXFileReference; lastKnownFileType = sourcecode.swift; path = ArchiveView.swift; sourceTree = "<group>"; };
		7E4EF3E42A96C9E60006E33C /* HabitsManager.swift */ = {isa = PBXFileReference; lastKnownFileType = sourcecode.swift; path = HabitsManager.swift; sourceTree = "<group>"; };
		7E55A2EB2B028C560060CE66 /* HabitProgressMethod.swift */ = {isa = PBXFileReference; lastKnownFileType = sourcecode.swift; path = HabitProgressMethod.swift; sourceTree = "<group>"; };
		7E56091C2A9428CC0003568D /* HomeView.swift */ = {isa = PBXFileReference; lastKnownFileType = sourcecode.swift; path = HomeView.swift; sourceTree = "<group>"; };
		7E56091F2A951C880003568D /* ColorSchemeViewModifier.swift */ = {isa = PBXFileReference; lastKnownFileType = sourcecode.swift; path = ColorSchemeViewModifier.swift; sourceTree = "<group>"; };
		7E5609212A9522410003568D /* AppearanceView.swift */ = {isa = PBXFileReference; lastKnownFileType = sourcecode.swift; path = AppearanceView.swift; sourceTree = "<group>"; };
		7E5609232A95357F0003568D /* RemindersSettingsView.swift */ = {isa = PBXFileReference; lastKnownFileType = sourcecode.swift; path = RemindersSettingsView.swift; sourceTree = "<group>"; };
		7E5609272A9541940003568D /* ToastViewModifier.swift */ = {isa = PBXFileReference; lastKnownFileType = sourcecode.swift; path = ToastViewModifier.swift; sourceTree = "<group>"; };
		7E5609292A9541CF0003568D /* View.swift */ = {isa = PBXFileReference; lastKnownFileType = sourcecode.swift; path = View.swift; sourceTree = "<group>"; };
		7E56092C2A95462D0003568D /* AlertView.swift */ = {isa = PBXFileReference; lastKnownFileType = sourcecode.swift; path = AlertView.swift; sourceTree = "<group>"; };
		7E56092E2A9566C90003568D /* EmptyViewModifier.swift */ = {isa = PBXFileReference; lastKnownFileType = sourcecode.swift; path = EmptyViewModifier.swift; sourceTree = "<group>"; };
		7E5FFE6E2AFEE84000C644A3 /* ActionSelectorView.swift */ = {isa = PBXFileReference; lastKnownFileType = sourcecode.swift; path = ActionSelectorView.swift; sourceTree = "<group>"; };
		7E5FFE712AFEE94A00C644A3 /* Action+CoreDataClass.swift */ = {isa = PBXFileReference; lastKnownFileType = sourcecode.swift; path = "Action+CoreDataClass.swift"; sourceTree = "<group>"; };
		7E5FFE722AFEE94A00C644A3 /* Action+CoreDataProperties.swift */ = {isa = PBXFileReference; lastKnownFileType = sourcecode.swift; path = "Action+CoreDataProperties.swift"; sourceTree = "<group>"; };
		7E5FFE772AFEEA6100C644A3 /* ActionManager.swift */ = {isa = PBXFileReference; lastKnownFileType = sourcecode.swift; path = ActionManager.swift; sourceTree = "<group>"; };
		7E67A79C2A6B52B9001E0C23 /* Habiscus - Habit Tracker.app */ = {isa = PBXFileReference; explicitFileType = wrapper.application; includeInIndex = 0; path = "Habiscus - Habit Tracker.app"; sourceTree = BUILT_PRODUCTS_DIR; };
		7E67A79F2A6B52B9001E0C23 /* HabiscusApp.swift */ = {isa = PBXFileReference; lastKnownFileType = sourcecode.swift; path = HabiscusApp.swift; sourceTree = "<group>"; };
		7E67A7A12A6B52B9001E0C23 /* ContentView.swift */ = {isa = PBXFileReference; lastKnownFileType = sourcecode.swift; path = ContentView.swift; sourceTree = "<group>"; };
		7E67A7A32A6B52BA001E0C23 /* Assets.xcassets */ = {isa = PBXFileReference; lastKnownFileType = folder.assetcatalog; path = Assets.xcassets; sourceTree = "<group>"; };
		7E67A7A62A6B52BA001E0C23 /* Preview Assets.xcassets */ = {isa = PBXFileReference; lastKnownFileType = folder.assetcatalog; path = "Preview Assets.xcassets"; sourceTree = "<group>"; };
		7E67A7AF2A6B5A88001E0C23 /* FileManager.swift */ = {isa = PBXFileReference; lastKnownFileType = sourcecode.swift; path = FileManager.swift; sourceTree = "<group>"; };
		7E697DD32A843B84000EC5D8 /* HabitView.swift */ = {isa = PBXFileReference; fileEncoding = 4; lastKnownFileType = sourcecode.swift; path = HabitView.swift; sourceTree = "<group>"; };
		7E80A7EA2A7D9CC90035F658 /* complete.mp3 */ = {isa = PBXFileReference; lastKnownFileType = audio.mp3; path = complete.mp3; sourceTree = "<group>"; };
		7E80A7EC2A7D9CFB0035F658 /* SoundManager.swift */ = {isa = PBXFileReference; lastKnownFileType = sourcecode.swift; path = SoundManager.swift; sourceTree = "<group>"; };
		7E83225C2A72F3E200042486 /* HabitListView.swift */ = {isa = PBXFileReference; lastKnownFileType = sourcecode.swift; path = HabitListView.swift; sourceTree = "<group>"; };
		7E8460CF2AF6E62A008043B6 /* HabiscusWidgetExtension.appex */ = {isa = PBXFileReference; explicitFileType = "wrapper.app-extension"; includeInIndex = 0; path = HabiscusWidgetExtension.appex; sourceTree = BUILT_PRODUCTS_DIR; };
		7E8460D12AF6E62A008043B6 /* WidgetKit.framework */ = {isa = PBXFileReference; lastKnownFileType = wrapper.framework; name = WidgetKit.framework; path = System/Library/Frameworks/WidgetKit.framework; sourceTree = SDKROOT; };
		7E8460D32AF6E62A008043B6 /* SwiftUI.framework */ = {isa = PBXFileReference; lastKnownFileType = wrapper.framework; name = SwiftUI.framework; path = System/Library/Frameworks/SwiftUI.framework; sourceTree = SDKROOT; };
		7E8460D62AF6E62A008043B6 /* HabiscusWidgetBundle.swift */ = {isa = PBXFileReference; lastKnownFileType = sourcecode.swift; path = HabiscusWidgetBundle.swift; sourceTree = "<group>"; };
		7E8460D82AF6E62A008043B6 /* HabiscusWidget.swift */ = {isa = PBXFileReference; lastKnownFileType = sourcecode.swift; path = HabiscusWidget.swift; sourceTree = "<group>"; };
		7E8460DA2AF6E62D008043B6 /* Assets.xcassets */ = {isa = PBXFileReference; lastKnownFileType = folder.assetcatalog; path = Assets.xcassets; sourceTree = "<group>"; };
		7E8460DC2AF6E62D008043B6 /* Info.plist */ = {isa = PBXFileReference; lastKnownFileType = text.plist.xml; path = Info.plist; sourceTree = "<group>"; };
		7E8460E42AF6E6D6008043B6 /* SmallHabitView.swift */ = {isa = PBXFileReference; lastKnownFileType = sourcecode.swift; path = SmallHabitView.swift; sourceTree = "<group>"; };
		7E8460F92AF6EFA6008043B6 /* HabiscusWidgetExtension.entitlements */ = {isa = PBXFileReference; lastKnownFileType = text.plist.entitlements; path = HabiscusWidgetExtension.entitlements; sourceTree = "<group>"; };
		7E86D00C2AFC22FF008E41B8 /* RedactedHabitView.swift */ = {isa = PBXFileReference; lastKnownFileType = sourcecode.swift; path = RedactedHabitView.swift; sourceTree = "<group>"; };
		7E86D00F2AFC2599008E41B8 /* WelcomeView.swift */ = {isa = PBXFileReference; lastKnownFileType = sourcecode.swift; path = WelcomeView.swift; sourceTree = "<group>"; };
		7E896A102A96743A00458094 /* Info.plist */ = {isa = PBXFileReference; fileEncoding = 4; lastKnownFileType = text.plist.xml; path = Info.plist; sourceTree = "<group>"; };
		7E8C91222A7302EF0006055C /* GoalCounterView.swift */ = {isa = PBXFileReference; lastKnownFileType = sourcecode.swift; path = GoalCounterView.swift; sourceTree = "<group>"; };
		7E911C482A97D1DA00CB7B7B /* Navigator.swift */ = {isa = PBXFileReference; lastKnownFileType = sourcecode.swift; path = Navigator.swift; sourceTree = "<group>"; };
		7E93174E2A7D84160074E210 /* HapticManager.swift */ = {isa = PBXFileReference; lastKnownFileType = sourcecode.swift; path = HapticManager.swift; sourceTree = "<group>"; };
		7E9684482AF96A9400BBCAD4 /* HabitIntent.swift */ = {isa = PBXFileReference; lastKnownFileType = sourcecode.swift; path = HabitIntent.swift; sourceTree = "<group>"; };
		7E96844C2AF97FA400BBCAD4 /* HabitModel.swift */ = {isa = PBXFileReference; lastKnownFileType = sourcecode.swift; path = HabitModel.swift; sourceTree = "<group>"; };
		7EA68A772A79555A001C6067 /* Date.swift */ = {isa = PBXFileReference; lastKnownFileType = sourcecode.swift; path = Date.swift; sourceTree = "<group>"; };
		7EA6C3EC2A72950C00DA4C41 /* MultiWeekView.swift */ = {isa = PBXFileReference; lastKnownFileType = sourcecode.swift; path = MultiWeekView.swift; sourceTree = "<group>"; };
		7EA6C3EE2A7295C100DA4C41 /* Week.swift */ = {isa = PBXFileReference; lastKnownFileType = sourcecode.swift; path = Week.swift; sourceTree = "<group>"; };
		7EA9FEA92A82F6960084A843 /* Bundle-Decodable.swift */ = {isa = PBXFileReference; lastKnownFileType = sourcecode.swift; path = "Bundle-Decodable.swift"; sourceTree = "<group>"; };
		7EAAB24C2A8BD9C00075F9EB /* WeekView.swift */ = {isa = PBXFileReference; lastKnownFileType = sourcecode.swift; path = WeekView.swift; sourceTree = "<group>"; };
		7EB1C7792A83E2A7008CB6C3 /* emoji.json */ = {isa = PBXFileReference; fileEncoding = 4; lastKnownFileType = text.json; path = emoji.json; sourceTree = "<group>"; };
		7EB7708F2A8423BE00559D73 /* IconView.swift */ = {isa = PBXFileReference; lastKnownFileType = sourcecode.swift; path = IconView.swift; sourceTree = "<group>"; };
		7ECD695A2A7D31930096AF19 /* CalendarGridView.swift */ = {isa = PBXFileReference; lastKnownFileType = sourcecode.swift; path = CalendarGridView.swift; sourceTree = "<group>"; };
		7ED649702B017D910083E80D /* TimerActionView.swift */ = {isa = PBXFileReference; lastKnownFileType = sourcecode.swift; path = TimerActionView.swift; sourceTree = "<group>"; };
		7ED649722B017D9B0083E80D /* NotesActionView.swift */ = {isa = PBXFileReference; lastKnownFileType = sourcecode.swift; path = NotesActionView.swift; sourceTree = "<group>"; };
		7ED93E142A7AE2B0000C41B9 /* CountGridView.swift */ = {isa = PBXFileReference; lastKnownFileType = sourcecode.swift; path = CountGridView.swift; sourceTree = "<group>"; };
		7EE0FC9F2AFAD55A00F600D0 /* AdditionalOptionsView.swift */ = {isa = PBXFileReference; lastKnownFileType = sourcecode.swift; path = AdditionalOptionsView.swift; sourceTree = "<group>"; };
		7EE16BCF2A9015D1002720DC /* EditHabitView.swift */ = {isa = PBXFileReference; lastKnownFileType = sourcecode.swift; path = EditHabitView.swift; sourceTree = "<group>"; };
		7EE5ED2E2A8E79AA007424CD /* RemindersView.swift */ = {isa = PBXFileReference; lastKnownFileType = sourcecode.swift; path = RemindersView.swift; sourceTree = "<group>"; };
		7EE5ED302A8E7AC5007424CD /* ColorPickerView.swift */ = {isa = PBXFileReference; lastKnownFileType = sourcecode.swift; path = ColorPickerView.swift; sourceTree = "<group>"; };
		7EE5ED322A8E7B4C007424CD /* DateOptions.swift */ = {isa = PBXFileReference; lastKnownFileType = sourcecode.swift; path = DateOptions.swift; sourceTree = "<group>"; };
		7EE5ED342A8E7E42007424CD /* NotificationManager.swift */ = {isa = PBXFileReference; lastKnownFileType = sourcecode.swift; path = NotificationManager.swift; sourceTree = "<group>"; };
		7EE5ED362A8E9656007424CD /* MultiSelect.swift */ = {isa = PBXFileReference; lastKnownFileType = sourcecode.swift; path = MultiSelect.swift; sourceTree = "<group>"; };
		7EE77DE92A6DDBC90058CDF8 /* Habiscus.xcdatamodel */ = {isa = PBXFileReference; lastKnownFileType = wrapper.xcdatamodel; path = Habiscus.xcdatamodel; sourceTree = "<group>"; };
		7EE77DEB2A6DDC2E0058CDF8 /* DataController.swift */ = {isa = PBXFileReference; lastKnownFileType = sourcecode.swift; path = DataController.swift; sourceTree = "<group>"; };
		7EE77DF52A6DE0310058CDF8 /* Count+CoreDataClass.swift */ = {isa = PBXFileReference; lastKnownFileType = sourcecode.swift; path = "Count+CoreDataClass.swift"; sourceTree = "<group>"; };
		7EE77DF62A6DE0310058CDF8 /* Count+CoreDataProperties.swift */ = {isa = PBXFileReference; lastKnownFileType = sourcecode.swift; path = "Count+CoreDataProperties.swift"; sourceTree = "<group>"; };
		7EF1E2B12A6EDE9C00DE3517 /* HabitRowView.swift */ = {isa = PBXFileReference; lastKnownFileType = sourcecode.swift; path = HabitRowView.swift; sourceTree = "<group>"; };
		7EF7DCC62A8D15C7007AF16C /* Weekday.swift */ = {isa = PBXFileReference; lastKnownFileType = sourcecode.swift; path = Weekday.swift; sourceTree = "<group>"; };
		7EF9C85A2A7B1DFC006E5130 /* CalendarView.swift */ = {isa = PBXFileReference; lastKnownFileType = sourcecode.swift; path = CalendarView.swift; sourceTree = "<group>"; };
		7EFE65B92A928391009E655F /* DataOperation.swift */ = {isa = PBXFileReference; lastKnownFileType = sourcecode.swift; path = DataOperation.swift; sourceTree = "<group>"; };
/* End PBXFileReference section */

/* Begin PBXFrameworksBuildPhase section */
		7E67A7992A6B52B9001E0C23 /* Frameworks */ = {
			isa = PBXFrameworksBuildPhase;
			buildActionMask = 2147483647;
			files = (
			);
			runOnlyForDeploymentPostprocessing = 0;
		};
		7E8460CC2AF6E62A008043B6 /* Frameworks */ = {
			isa = PBXFrameworksBuildPhase;
			buildActionMask = 2147483647;
			files = (
				7E8460D42AF6E62A008043B6 /* SwiftUI.framework in Frameworks */,
				7E8460D22AF6E62A008043B6 /* WidgetKit.framework in Frameworks */,
			);
			runOnlyForDeploymentPostprocessing = 0;
		};
/* End PBXFrameworksBuildPhase section */

/* Begin PBXGroup section */
		7E06CD092A9122D500B64FB3 /* Previews */ = {
			isa = PBXGroup;
			children = (
				7E06CD0A2A9122E400B64FB3 /* Previewing.swift */,
			);
			path = Previews;
			sourceTree = "<group>";
		};
		7E2578272A96C0FE006EE2D2 /* AppIntents */ = {
			isa = PBXGroup;
			children = (
				7E2DF2CB2A96A66900890B8E /* HabiscusAppIntents.swift */,
				7E2DF2D92A96AD6C00890B8E /* HabiscusShortcuts.swift */,
				7E2DF2DB2A96ADF400890B8E /* HabitEntity.swift */,
			);
			path = AppIntents;
			sourceTree = "<group>";
		};
		7E29FDAA2B00190E006C98F0 /* Actions */ = {
			isa = PBXGroup;
			children = (
				7E29FDAD2B001D04006C98F0 /* StartActionsView.swift */,
				7E29FDAF2B002371006C98F0 /* ActionView.swift */,
				7E29FDAB2B001A9A006C98F0 /* EmotionRatingActionView.swift */,
				7ED649702B017D910083E80D /* TimerActionView.swift */,
				7ED649722B017D9B0083E80D /* NotesActionView.swift */,
			);
			path = Actions;
			sourceTree = "<group>";
		};
		7E3305B12A96CDC20017678B /* Helpers */ = {
			isa = PBXGroup;
			children = (
				7E3305B22A96CDCA0017678B /* Errors.swift */,
				7E911C482A97D1DA00CB7B7B /* Navigator.swift */,
			);
			path = Helpers;
			sourceTree = "<group>";
		};
		7E4EAC7A2A94013800EC16A5 /* SettingsView */ = {
			isa = PBXGroup;
			children = (
				7E4EAC7B2A9401E900EC16A5 /* SettingsView.swift */,
				7E4EAC7D2A94030400EC16A5 /* ArchiveView.swift */,
				7E5609212A9522410003568D /* AppearanceView.swift */,
				7E5609232A95357F0003568D /* RemindersSettingsView.swift */,
			);
			path = SettingsView;
			sourceTree = "<group>";
		};
		7E56091B2A9428C30003568D /* HomeView */ = {
			isa = PBXGroup;
			children = (
				7E56091C2A9428CC0003568D /* HomeView.swift */,
			);
			path = HomeView;
			sourceTree = "<group>";
		};
		7E56091E2A951C760003568D /* ViewModifiers */ = {
			isa = PBXGroup;
			children = (
				7E56091F2A951C880003568D /* ColorSchemeViewModifier.swift */,
				7E5609272A9541940003568D /* ToastViewModifier.swift */,
				7E56092E2A9566C90003568D /* EmptyViewModifier.swift */,
				7E5609292A9541CF0003568D /* View.swift */,
			);
			path = ViewModifiers;
			sourceTree = "<group>";
		};
		7E56092B2A9546240003568D /* AlertView */ = {
			isa = PBXGroup;
			children = (
				7E56092C2A95462D0003568D /* AlertView.swift */,
			);
			path = AlertView;
			sourceTree = "<group>";
		};
		7E67A7932A6B52B9001E0C23 = {
			isa = PBXGroup;
			children = (
				7E5FFE712AFEE94A00C644A3 /* Action+CoreDataClass.swift */,
				7E5FFE722AFEE94A00C644A3 /* Action+CoreDataProperties.swift */,
				7E4EAC742A93D91700EC16A5 /* Habit+CoreDataClass.swift */,
				7E4EAC752A93D91700EC16A5 /* Habit+CoreDataProperties.swift */,
				7E12616D2A7446B3009F15C9 /* Progress+CoreDataClass.swift */,
				7E12616E2A7446B3009F15C9 /* Progress+CoreDataProperties.swift */,
				7EE77DF52A6DE0310058CDF8 /* Count+CoreDataClass.swift */,
				7EE77DF62A6DE0310058CDF8 /* Count+CoreDataProperties.swift */,
				7E4EAC722A93D91700EC16A5 /* Notification+CoreDataClass.swift */,
				7E4EAC732A93D91700EC16A5 /* Notification+CoreDataProperties.swift */,
				7E67A79E2A6B52B9001E0C23 /* Habiscus */,
				7E8460D52AF6E62A008043B6 /* HabiscusWidget */,
				7E8460D02AF6E62A008043B6 /* Frameworks */,
				7E67A79D2A6B52B9001E0C23 /* Products */,
			);
			sourceTree = "<group>";
		};
		7E67A79D2A6B52B9001E0C23 /* Products */ = {
			isa = PBXGroup;
			children = (
				7E67A79C2A6B52B9001E0C23 /* Habiscus - Habit Tracker.app */,
				7E8460CF2AF6E62A008043B6 /* HabiscusWidgetExtension.appex */,
			);
			name = Products;
			sourceTree = "<group>";
		};
		7E67A79E2A6B52B9001E0C23 /* Habiscus */ = {
			isa = PBXGroup;
			children = (
				7E2DF2C22A96A30200890B8E /* Habiscus.entitlements */,
				7E67A79F2A6B52B9001E0C23 /* HabiscusApp.swift */,
				7E67A7A12A6B52B9001E0C23 /* ContentView.swift */,
				7E896A102A96743A00458094 /* Info.plist */,
				7EFA41942A80222C00D2F8E3 /* Calendars */,
				7EFA41912A80220200D2F8E3 /* Views */,
				7EFA41902A8021CD00D2F8E3 /* DataManagers */,
				7EA26B452AF6CDEE00079017 /* Resources */,
				7E3305B12A96CDC20017678B /* Helpers */,
				7E2578272A96C0FE006EE2D2 /* AppIntents */,
				7EE77DE82A6DDBC90058CDF8 /* Habiscus.xcdatamodeld */,
				7E67A7A32A6B52BA001E0C23 /* Assets.xcassets */,
				7E80A7EE2A7D9E0F0035F658 /* Sounds */,
				7E67A7A52A6B52BA001E0C23 /* Preview Content */,
			);
			path = Habiscus;
			sourceTree = "<group>";
		};
		7E67A7A52A6B52BA001E0C23 /* Preview Content */ = {
			isa = PBXGroup;
			children = (
				7E67A7A62A6B52BA001E0C23 /* Preview Assets.xcassets */,
			);
			path = "Preview Content";
			sourceTree = "<group>";
		};
		7E697DD02A843B66000EC5D8 /* HabitView */ = {
			isa = PBXGroup;
			children = (
				7E697DD32A843B84000EC5D8 /* HabitView.swift */,
				7E13C7552A8441EE006EBA82 /* StatisticsView.swift */,
			);
			path = HabitView;
			sourceTree = "<group>";
		};
		7E80A7EE2A7D9E0F0035F658 /* Sounds */ = {
			isa = PBXGroup;
			children = (
				7E80A7EA2A7D9CC90035F658 /* complete.mp3 */,
			);
			path = Sounds;
			sourceTree = "<group>";
		};
		7E8460D02AF6E62A008043B6 /* Frameworks */ = {
			isa = PBXGroup;
			children = (
				7E8460D12AF6E62A008043B6 /* WidgetKit.framework */,
				7E8460D32AF6E62A008043B6 /* SwiftUI.framework */,
			);
			name = Frameworks;
			sourceTree = "<group>";
		};
		7E8460D52AF6E62A008043B6 /* HabiscusWidget */ = {
			isa = PBXGroup;
			children = (
				7E9684502AF98B9D00BBCAD4 /* Data */,
				7E96844F2AF98B8F00BBCAD4 /* Views */,
				7E9684472AF96A8A00BBCAD4 /* Intents */,
				7E8460F92AF6EFA6008043B6 /* HabiscusWidgetExtension.entitlements */,
				7E8460D62AF6E62A008043B6 /* HabiscusWidgetBundle.swift */,
				7E8460D82AF6E62A008043B6 /* HabiscusWidget.swift */,
				7E8460DA2AF6E62D008043B6 /* Assets.xcassets */,
				7E8460DC2AF6E62D008043B6 /* Info.plist */,
			);
			path = HabiscusWidget;
			sourceTree = "<group>";
		};
		7E86D00E2AFC258C008E41B8 /* Welcome */ = {
			isa = PBXGroup;
			children = (
				7E86D00F2AFC2599008E41B8 /* WelcomeView.swift */,
				7E86D00C2AFC22FF008E41B8 /* RedactedHabitView.swift */,
			);
			path = Welcome;
			sourceTree = "<group>";
		};
		7E9684472AF96A8A00BBCAD4 /* Intents */ = {
			isa = PBXGroup;
			children = (
				7E9684482AF96A9400BBCAD4 /* HabitIntent.swift */,
			);
			path = Intents;
			sourceTree = "<group>";
		};
		7E96844F2AF98B8F00BBCAD4 /* Views */ = {
			isa = PBXGroup;
			children = (
				7E8460E42AF6E6D6008043B6 /* SmallHabitView.swift */,
			);
			path = Views;
			sourceTree = "<group>";
		};
		7E9684502AF98B9D00BBCAD4 /* Data */ = {
			isa = PBXGroup;
			children = (
				7E96844C2AF97FA400BBCAD4 /* HabitModel.swift */,
			);
			path = Data;
			sourceTree = "<group>";
		};
		7EA26B452AF6CDEE00079017 /* Resources */ = {
			isa = PBXGroup;
			children = (
				7EB1C7792A83E2A7008CB6C3 /* emoji.json */,
			);
			path = Resources;
			sourceTree = "<group>";
		};
		7EB7708E2A8423B000559D73 /* Components */ = {
			isa = PBXGroup;
			children = (
				7EB7708F2A8423BE00559D73 /* IconView.swift */,
				7E3BE9132A8C27EA008C1503 /* AddCountView.swift */,
				7EE5ED362A8E9656007424CD /* MultiSelect.swift */,
				7EE5ED322A8E7B4C007424CD /* DateOptions.swift */,
			);
			path = Components;
			sourceTree = "<group>";
		};
		7EE5ED2D2A8E7977007424CD /* EditHabit */ = {
			isa = PBXGroup;
			children = (
				7EE16BCF2A9015D1002720DC /* EditHabitView.swift */,
				7EE5ED2E2A8E79AA007424CD /* RemindersView.swift */,
				7EE5ED302A8E7AC5007424CD /* ColorPickerView.swift */,
				7E34D8752A82EE9700A7D649 /* IconPickerView.swift */,
				7EE0FC9F2AFAD55A00F600D0 /* AdditionalOptionsView.swift */,
				7E5FFE6E2AFEE84000C644A3 /* ActionSelectorView.swift */,
				7E29FDA82AFFEE0A006C98F0 /* TimePickerWheel.swift */,
				7E55A2EB2B028C560060CE66 /* HabitProgressMethod.swift */,
			);
			path = EditHabit;
			sourceTree = "<group>";
		};
		7EFA41902A8021CD00D2F8E3 /* DataManagers */ = {
			isa = PBXGroup;
			children = (
				7E1261612A742200009F15C9 /* HabitManager.swift */,
				7E4EF3E42A96C9E60006E33C /* HabitsManager.swift */,
				7E5FFE772AFEEA6100C644A3 /* ActionManager.swift */,
				7E67A7AF2A6B5A88001E0C23 /* FileManager.swift */,
				7E93174E2A7D84160074E210 /* HapticManager.swift */,
				7E80A7EC2A7D9CFB0035F658 /* SoundManager.swift */,
				7EE77DEB2A6DDC2E0058CDF8 /* DataController.swift */,
				7EE5ED342A8E7E42007424CD /* NotificationManager.swift */,
				7EFE65B92A928391009E655F /* DataOperation.swift */,
				7E36B7412A956F28006D4632 /* ToastManager.swift */,
				7E34D87D2A82F47300A7D649 /* EmojiManager.swift */,
				7EA9FEA92A82F6960084A843 /* Bundle-Decodable.swift */,
			);
			path = DataManagers;
			sourceTree = "<group>";
		};
		7EFA41912A80220200D2F8E3 /* Views */ = {
			isa = PBXGroup;
			children = (
				7E56092B2A9546240003568D /* AlertView */,
				7E56091E2A951C760003568D /* ViewModifiers */,
				7E56091B2A9428C30003568D /* HomeView */,
				7E4EAC7A2A94013800EC16A5 /* SettingsView */,
				7E06CD092A9122D500B64FB3 /* Previews */,
				7E29FDAA2B00190E006C98F0 /* Actions */,
				7EE5ED2D2A8E7977007424CD /* EditHabit */,
				7E697DD02A843B66000EC5D8 /* HabitView */,
				7EB7708E2A8423B000559D73 /* Components */,
				7EFA41932A80220E00D2F8E3 /* HabitList */,
				7EFA41952A80227C00D2F8E3 /* ProgressBars */,
				7E86D00E2AFC258C008E41B8 /* Welcome */,
			);
			path = Views;
			sourceTree = "<group>";
		};
		7EFA41932A80220E00D2F8E3 /* HabitList */ = {
			isa = PBXGroup;
			children = (
				7E83225C2A72F3E200042486 /* HabitListView.swift */,
				7EF1E2B12A6EDE9C00DE3517 /* HabitRowView.swift */,
			);
			path = HabitList;
			sourceTree = "<group>";
		};
		7EFA41942A80222C00D2F8E3 /* Calendars */ = {
			isa = PBXGroup;
			children = (
				7ECD695A2A7D31930096AF19 /* CalendarGridView.swift */,
				7EF9C85A2A7B1DFC006E5130 /* CalendarView.swift */,
				7ED93E142A7AE2B0000C41B9 /* CountGridView.swift */,
				7EA68A772A79555A001C6067 /* Date.swift */,
				7EA6C3EE2A7295C100DA4C41 /* Week.swift */,
				7EA6C3EC2A72950C00DA4C41 /* MultiWeekView.swift */,
				7EAAB24C2A8BD9C00075F9EB /* WeekView.swift */,
				7EF7DCC62A8D15C7007AF16C /* Weekday.swift */,
			);
			path = Calendars;
			sourceTree = "<group>";
		};
		7EFA41952A80227C00D2F8E3 /* ProgressBars */ = {
			isa = PBXGroup;
			children = (
				7E8C91222A7302EF0006055C /* GoalCounterView.swift */,
			);
			path = ProgressBars;
			sourceTree = "<group>";
		};
/* End PBXGroup section */

/* Begin PBXNativeTarget section */
		7E67A79B2A6B52B9001E0C23 /* Habiscus - Habit Tracker */ = {
			isa = PBXNativeTarget;
			buildConfigurationList = 7E67A7AA2A6B52BA001E0C23 /* Build configuration list for PBXNativeTarget "Habiscus - Habit Tracker" */;
			buildPhases = (
				7E67A7982A6B52B9001E0C23 /* Sources */,
				7E67A7992A6B52B9001E0C23 /* Frameworks */,
				7E67A79A2A6B52B9001E0C23 /* Resources */,
				7E2DF2D42A96A66900890B8E /* Embed ExtensionKit Extensions */,
				7E8460E02AF6E62D008043B6 /* Embed Foundation Extensions */,
			);
			buildRules = (
			);
			dependencies = (
				7E8460DE2AF6E62D008043B6 /* PBXTargetDependency */,
			);
			name = "Habiscus - Habit Tracker";
			productName = Habiscus;
			productReference = 7E67A79C2A6B52B9001E0C23 /* Habiscus - Habit Tracker.app */;
			productType = "com.apple.product-type.application";
		};
		7E8460CE2AF6E62A008043B6 /* HabiscusWidgetExtension */ = {
			isa = PBXNativeTarget;
			buildConfigurationList = 7E8460E32AF6E62D008043B6 /* Build configuration list for PBXNativeTarget "HabiscusWidgetExtension" */;
			buildPhases = (
				7E8460CB2AF6E62A008043B6 /* Sources */,
				7E8460CC2AF6E62A008043B6 /* Frameworks */,
				7E8460CD2AF6E62A008043B6 /* Resources */,
			);
			buildRules = (
			);
			dependencies = (
			);
			name = HabiscusWidgetExtension;
			productName = HabiscusWidgetExtension;
			productReference = 7E8460CF2AF6E62A008043B6 /* HabiscusWidgetExtension.appex */;
			productType = "com.apple.product-type.app-extension";
		};
/* End PBXNativeTarget section */

/* Begin PBXProject section */
		7E67A7942A6B52B9001E0C23 /* Project object */ = {
			isa = PBXProject;
			attributes = {
				BuildIndependentTargetsInParallel = 1;
				LastSwiftUpdateCheck = 1500;
				LastUpgradeCheck = 1500;
				TargetAttributes = {
					7E67A79B2A6B52B9001E0C23 = {
						CreatedOnToolsVersion = 14.3.1;
					};
					7E8460CE2AF6E62A008043B6 = {
						CreatedOnToolsVersion = 15.0.1;
					};
				};
			};
			buildConfigurationList = 7E67A7972A6B52B9001E0C23 /* Build configuration list for PBXProject "Habiscus - Habit Tracker" */;
			compatibilityVersion = "Xcode 14.0";
			developmentRegion = en;
			hasScannedForEncodings = 0;
			knownRegions = (
				en,
				Base,
			);
			mainGroup = 7E67A7932A6B52B9001E0C23;
			productRefGroup = 7E67A79D2A6B52B9001E0C23 /* Products */;
			projectDirPath = "";
			projectRoot = "";
			targets = (
				7E67A79B2A6B52B9001E0C23 /* Habiscus - Habit Tracker */,
				7E8460CE2AF6E62A008043B6 /* HabiscusWidgetExtension */,
			);
		};
/* End PBXProject section */

/* Begin PBXResourcesBuildPhase section */
		7E67A79A2A6B52B9001E0C23 /* Resources */ = {
			isa = PBXResourcesBuildPhase;
			buildActionMask = 2147483647;
			files = (
				7E67A7A72A6B52BA001E0C23 /* Preview Assets.xcassets in Resources */,
				7E80A7EB2A7D9CC90035F658 /* complete.mp3 in Resources */,
				7EB1C77A2A83E2A7008CB6C3 /* emoji.json in Resources */,
				7E67A7A42A6B52BA001E0C23 /* Assets.xcassets in Resources */,
			);
			runOnlyForDeploymentPostprocessing = 0;
		};
		7E8460CD2AF6E62A008043B6 /* Resources */ = {
			isa = PBXResourcesBuildPhase;
			buildActionMask = 2147483647;
			files = (
				7E5074CE2AF718E500872D4A /* Assets.xcassets in Resources */,
				7E8460DB2AF6E62D008043B6 /* Assets.xcassets in Resources */,
			);
			runOnlyForDeploymentPostprocessing = 0;
		};
/* End PBXResourcesBuildPhase section */

/* Begin PBXSourcesBuildPhase section */
		7E67A7982A6B52B9001E0C23 /* Sources */ = {
			isa = PBXSourcesBuildPhase;
			buildActionMask = 2147483647;
			files = (
				7E80A7ED2A7D9CFB0035F658 /* SoundManager.swift in Sources */,
				7E13C7562A8441EE006EBA82 /* StatisticsView.swift in Sources */,
				7E5609242A95357F0003568D /* RemindersSettingsView.swift in Sources */,
				7E4EAC772A93D91700EC16A5 /* Notification+CoreDataProperties.swift in Sources */,
				7E36B7422A956F28006D4632 /* ToastManager.swift in Sources */,
				7EE5ED332A8E7B4C007424CD /* DateOptions.swift in Sources */,
				7E29FDA92AFFEE0A006C98F0 /* TimePickerWheel.swift in Sources */,
				7EA68A782A79555A001C6067 /* Date.swift in Sources */,
				7E5FFE732AFEE94A00C644A3 /* Action+CoreDataClass.swift in Sources */,
				7E5FFE782AFEEA6100C644A3 /* ActionManager.swift in Sources */,
				7E3AE2182A96D37600BFAC65 /* HabiscusAppIntents.swift in Sources */,
				7EFE65BA2A928391009E655F /* DataOperation.swift in Sources */,
				7E67A7A22A6B52B9001E0C23 /* ContentView.swift in Sources */,
				7E911C492A97D1DA00CB7B7B /* Navigator.swift in Sources */,
				7EA6C3ED2A72950C00DA4C41 /* MultiWeekView.swift in Sources */,
				7E4EAC792A93D91700EC16A5 /* Habit+CoreDataProperties.swift in Sources */,
				7E86D0102AFC2599008E41B8 /* WelcomeView.swift in Sources */,
				7EE5ED352A8E7E42007424CD /* NotificationManager.swift in Sources */,
				7EF9C85B2A7B1DFC006E5130 /* CalendarView.swift in Sources */,
				7E697DD42A843B84000EC5D8 /* HabitView.swift in Sources */,
				7E4EAC7C2A9401E900EC16A5 /* SettingsView.swift in Sources */,
				7E4EF3E52A96C9E60006E33C /* HabitsManager.swift in Sources */,
				7E83225D2A72F3E200042486 /* HabitListView.swift in Sources */,
				7ECD695B2A7D31930096AF19 /* CalendarGridView.swift in Sources */,
				7EF7DCC72A8D15C7007AF16C /* Weekday.swift in Sources */,
				7ED649732B017D9B0083E80D /* NotesActionView.swift in Sources */,
				7E3AE21A2A96D37B00BFAC65 /* HabitEntity.swift in Sources */,
				7E93174F2A7D84160074E210 /* HapticManager.swift in Sources */,
				7E55A2EC2B028C560060CE66 /* HabitProgressMethod.swift in Sources */,
				7EE77DEA2A6DDBC90058CDF8 /* Habiscus.xcdatamodeld in Sources */,
				7E56091D2A9428CC0003568D /* HomeView.swift in Sources */,
				7E34D87E2A82F47300A7D649 /* EmojiManager.swift in Sources */,
				7E1261622A742200009F15C9 /* HabitManager.swift in Sources */,
				7E56092A2A9541CF0003568D /* View.swift in Sources */,
				7EE77DF92A6DE0310058CDF8 /* Count+CoreDataClass.swift in Sources */,
				7E29FDAE2B001D04006C98F0 /* StartActionsView.swift in Sources */,
				7EE5ED372A8E9656007424CD /* MultiSelect.swift in Sources */,
				7EE77DEC2A6DDC2E0058CDF8 /* DataController.swift in Sources */,
				7E86D00D2AFC22FF008E41B8 /* RedactedHabitView.swift in Sources */,
				7E5FFE6F2AFEE84000C644A3 /* ActionSelectorView.swift in Sources */,
				7EE16BD02A9015D1002720DC /* EditHabitView.swift in Sources */,
				7E5609202A951C880003568D /* ColorSchemeViewModifier.swift in Sources */,
				7E4EAC762A93D91700EC16A5 /* Notification+CoreDataClass.swift in Sources */,
				7EA6C3EF2A7295C100DA4C41 /* Week.swift in Sources */,
				7EB770902A8423BE00559D73 /* IconView.swift in Sources */,
				7EAAB24D2A8BD9C00075F9EB /* WeekView.swift in Sources */,
				7EE77DFA2A6DE0310058CDF8 /* Count+CoreDataProperties.swift in Sources */,
				7EA9FEAA2A82F6960084A843 /* Bundle-Decodable.swift in Sources */,
				7E3AE2192A96D37900BFAC65 /* HabiscusShortcuts.swift in Sources */,
				7EE0FCA02AFAD55A00F600D0 /* AdditionalOptionsView.swift in Sources */,
				7EE5ED312A8E7AC5007424CD /* ColorPickerView.swift in Sources */,
				7E1261702A7446B3009F15C9 /* Progress+CoreDataProperties.swift in Sources */,
				7EF1E2B22A6EDE9C00DE3517 /* HabitRowView.swift in Sources */,
				7E67A7A02A6B52B9001E0C23 /* HabiscusApp.swift in Sources */,
				7E29FDB02B002371006C98F0 /* ActionView.swift in Sources */,
				7E3BE9142A8C27EA008C1503 /* AddCountView.swift in Sources */,
				7ED649712B017D910083E80D /* TimerActionView.swift in Sources */,
				7E8C91232A7302EF0006055C /* GoalCounterView.swift in Sources */,
				7E12616F2A7446B3009F15C9 /* Progress+CoreDataClass.swift in Sources */,
				7E06CD0B2A9122E400B64FB3 /* Previewing.swift in Sources */,
				7E5609222A9522410003568D /* AppearanceView.swift in Sources */,
				7E56092F2A9566C90003568D /* EmptyViewModifier.swift in Sources */,
				7EE5ED2F2A8E79AA007424CD /* RemindersView.swift in Sources */,
				7E4EAC782A93D91700EC16A5 /* Habit+CoreDataClass.swift in Sources */,
				7E67A7B02A6B5A88001E0C23 /* FileManager.swift in Sources */,
				7E5FFE752AFEE94A00C644A3 /* Action+CoreDataProperties.swift in Sources */,
				7E29FDAC2B001A9A006C98F0 /* EmotionRatingActionView.swift in Sources */,
				7E96844B2AF96ACE00BBCAD4 /* HabitIntent.swift in Sources */,
				7E4EAC7E2A94030400EC16A5 /* ArchiveView.swift in Sources */,
				7ED93E152A7AE2B0000C41B9 /* CountGridView.swift in Sources */,
				7E3305B32A96CDCA0017678B /* Errors.swift in Sources */,
				7E5609282A9541940003568D /* ToastViewModifier.swift in Sources */,
				7E34D8762A82EE9700A7D649 /* IconPickerView.swift in Sources */,
				7E56092D2A95462D0003568D /* AlertView.swift in Sources */,
			);
			runOnlyForDeploymentPostprocessing = 0;
		};
		7E8460CB2AF6E62A008043B6 /* Sources */ = {
			isa = PBXSourcesBuildPhase;
			buildActionMask = 2147483647;
			files = (
				7E9684532AF9900E00BBCAD4 /* HabitManager.swift in Sources */,
				7E8460EE2AF6E8E7008043B6 /* Weekday.swift in Sources */,
				7E8460D72AF6E62A008043B6 /* HabiscusWidgetBundle.swift in Sources */,
				7E5FFE742AFEE94A00C644A3 /* Action+CoreDataClass.swift in Sources */,
				7E5FFE792AFEEA6100C644A3 /* ActionManager.swift in Sources */,
				7E8460D92AF6E62A008043B6 /* HabiscusWidget.swift in Sources */,
				7E8460F02AF6E8FF008043B6 /* IconView.swift in Sources */,
				7E9684542AF9902000BBCAD4 /* ToastManager.swift in Sources */,
				7E9684552AF9902200BBCAD4 /* NotificationManager.swift in Sources */,
				7E96844A2AF96AC400BBCAD4 /* HabitIntent.swift in Sources */,
				7E9684432AF9699900BBCAD4 /* HabitEntity.swift in Sources */,
				7E96844E2AF97FA900BBCAD4 /* HabitModel.swift in Sources */,
				7E8460E72AF6E8D9008043B6 /* GoalCounterView.swift in Sources */,
				7E8460E62AF6E8C9008043B6 /* SmallHabitView.swift in Sources */,
				7E8460EA2AF6E8E3008043B6 /* Count+CoreDataClass.swift in Sources */,
				7E8460EB2AF6E8E3008043B6 /* Count+CoreDataProperties.swift in Sources */,
				7E8460EF2AF6E8EA008043B6 /* Date.swift in Sources */,
				7E55A2ED2B028C880060CE66 /* HabitProgressMethod.swift in Sources */,
				7E8460ED2AF6E8E3008043B6 /* Progress+CoreDataProperties.swift in Sources */,
				7E9684562AF9902900BBCAD4 /* HapticManager.swift in Sources */,
				7E5FFE762AFEE94A00C644A3 /* Action+CoreDataProperties.swift in Sources */,
				7E8460F42AF6E937008043B6 /* Notification+CoreDataClass.swift in Sources */,
				7E8460F22AF6E915008043B6 /* DataController.swift in Sources */,
				7E8460E92AF6E8E3008043B6 /* Progress+CoreDataClass.swift in Sources */,
				7E8460F52AF6E937008043B6 /* Notification+CoreDataProperties.swift in Sources */,
				7E8460EC2AF6E8E3008043B6 /* Habit+CoreDataProperties.swift in Sources */,
				7E8460F72AF6ED2E008043B6 /* Errors.swift in Sources */,
				7E8460E82AF6E8E3008043B6 /* Habit+CoreDataClass.swift in Sources */,
				7E8460F82AF6EF17008043B6 /* Habiscus.xcdatamodeld in Sources */,
				7E8460F62AF6ED21008043B6 /* HabitsManager.swift in Sources */,
				7E8460F12AF6E907008043B6 /* Previewing.swift in Sources */,
			);
			runOnlyForDeploymentPostprocessing = 0;
		};
/* End PBXSourcesBuildPhase section */

/* Begin PBXTargetDependency section */
		7E8460DE2AF6E62D008043B6 /* PBXTargetDependency */ = {
			isa = PBXTargetDependency;
			target = 7E8460CE2AF6E62A008043B6 /* HabiscusWidgetExtension */;
			targetProxy = 7E8460DD2AF6E62D008043B6 /* PBXContainerItemProxy */;
		};
/* End PBXTargetDependency section */

/* Begin XCBuildConfiguration section */
		7E67A7A82A6B52BA001E0C23 /* Debug */ = {
			isa = XCBuildConfiguration;
			buildSettings = {
				ALWAYS_SEARCH_USER_PATHS = NO;
				ASSETCATALOG_COMPILER_GENERATE_SWIFT_ASSET_SYMBOL_EXTENSIONS = YES;
				CLANG_ANALYZER_NONNULL = YES;
				CLANG_ANALYZER_NUMBER_OBJECT_CONVERSION = YES_AGGRESSIVE;
				CLANG_CXX_LANGUAGE_STANDARD = "gnu++20";
				CLANG_ENABLE_MODULES = YES;
				CLANG_ENABLE_OBJC_ARC = YES;
				CLANG_ENABLE_OBJC_WEAK = YES;
				CLANG_WARN_BLOCK_CAPTURE_AUTORELEASING = YES;
				CLANG_WARN_BOOL_CONVERSION = YES;
				CLANG_WARN_COMMA = YES;
				CLANG_WARN_CONSTANT_CONVERSION = YES;
				CLANG_WARN_DEPRECATED_OBJC_IMPLEMENTATIONS = YES;
				CLANG_WARN_DIRECT_OBJC_ISA_USAGE = YES_ERROR;
				CLANG_WARN_DOCUMENTATION_COMMENTS = YES;
				CLANG_WARN_EMPTY_BODY = YES;
				CLANG_WARN_ENUM_CONVERSION = YES;
				CLANG_WARN_INFINITE_RECURSION = YES;
				CLANG_WARN_INT_CONVERSION = YES;
				CLANG_WARN_NON_LITERAL_NULL_CONVERSION = YES;
				CLANG_WARN_OBJC_IMPLICIT_RETAIN_SELF = YES;
				CLANG_WARN_OBJC_LITERAL_CONVERSION = YES;
				CLANG_WARN_OBJC_ROOT_CLASS = YES_ERROR;
				CLANG_WARN_QUOTED_INCLUDE_IN_FRAMEWORK_HEADER = YES;
				CLANG_WARN_RANGE_LOOP_ANALYSIS = YES;
				CLANG_WARN_STRICT_PROTOTYPES = YES;
				CLANG_WARN_SUSPICIOUS_MOVE = YES;
				CLANG_WARN_UNGUARDED_AVAILABILITY = YES_AGGRESSIVE;
				CLANG_WARN_UNREACHABLE_CODE = YES;
				CLANG_WARN__DUPLICATE_METHOD_MATCH = YES;
				COPY_PHASE_STRIP = NO;
				DEBUG_INFORMATION_FORMAT = dwarf;
				ENABLE_STRICT_OBJC_MSGSEND = YES;
				ENABLE_TESTABILITY = YES;
				GCC_C_LANGUAGE_STANDARD = gnu11;
				GCC_DYNAMIC_NO_PIC = NO;
				GCC_NO_COMMON_BLOCKS = YES;
				GCC_OPTIMIZATION_LEVEL = 0;
				GCC_PREPROCESSOR_DEFINITIONS = (
					"DEBUG=1",
					"$(inherited)",
				);
				GCC_WARN_64_TO_32_BIT_CONVERSION = YES;
				GCC_WARN_ABOUT_RETURN_TYPE = YES_ERROR;
				GCC_WARN_UNDECLARED_SELECTOR = YES;
				GCC_WARN_UNINITIALIZED_AUTOS = YES_AGGRESSIVE;
				GCC_WARN_UNUSED_FUNCTION = YES;
				GCC_WARN_UNUSED_VARIABLE = YES;
				IPHONEOS_DEPLOYMENT_TARGET = 16.4;
				MTL_ENABLE_DEBUG_INFO = INCLUDE_SOURCE;
				MTL_FAST_MATH = YES;
				ONLY_ACTIVE_ARCH = YES;
				SDKROOT = iphoneos;
				SWIFT_ACTIVE_COMPILATION_CONDITIONS = DEBUG;
				SWIFT_OPTIMIZATION_LEVEL = "-Onone";
			};
			name = Debug;
		};
		7E67A7A92A6B52BA001E0C23 /* Release */ = {
			isa = XCBuildConfiguration;
			buildSettings = {
				ALWAYS_SEARCH_USER_PATHS = NO;
				ASSETCATALOG_COMPILER_GENERATE_SWIFT_ASSET_SYMBOL_EXTENSIONS = YES;
				CLANG_ANALYZER_NONNULL = YES;
				CLANG_ANALYZER_NUMBER_OBJECT_CONVERSION = YES_AGGRESSIVE;
				CLANG_CXX_LANGUAGE_STANDARD = "gnu++20";
				CLANG_ENABLE_MODULES = YES;
				CLANG_ENABLE_OBJC_ARC = YES;
				CLANG_ENABLE_OBJC_WEAK = YES;
				CLANG_WARN_BLOCK_CAPTURE_AUTORELEASING = YES;
				CLANG_WARN_BOOL_CONVERSION = YES;
				CLANG_WARN_COMMA = YES;
				CLANG_WARN_CONSTANT_CONVERSION = YES;
				CLANG_WARN_DEPRECATED_OBJC_IMPLEMENTATIONS = YES;
				CLANG_WARN_DIRECT_OBJC_ISA_USAGE = YES_ERROR;
				CLANG_WARN_DOCUMENTATION_COMMENTS = YES;
				CLANG_WARN_EMPTY_BODY = YES;
				CLANG_WARN_ENUM_CONVERSION = YES;
				CLANG_WARN_INFINITE_RECURSION = YES;
				CLANG_WARN_INT_CONVERSION = YES;
				CLANG_WARN_NON_LITERAL_NULL_CONVERSION = YES;
				CLANG_WARN_OBJC_IMPLICIT_RETAIN_SELF = YES;
				CLANG_WARN_OBJC_LITERAL_CONVERSION = YES;
				CLANG_WARN_OBJC_ROOT_CLASS = YES_ERROR;
				CLANG_WARN_QUOTED_INCLUDE_IN_FRAMEWORK_HEADER = YES;
				CLANG_WARN_RANGE_LOOP_ANALYSIS = YES;
				CLANG_WARN_STRICT_PROTOTYPES = YES;
				CLANG_WARN_SUSPICIOUS_MOVE = YES;
				CLANG_WARN_UNGUARDED_AVAILABILITY = YES_AGGRESSIVE;
				CLANG_WARN_UNREACHABLE_CODE = YES;
				CLANG_WARN__DUPLICATE_METHOD_MATCH = YES;
				COPY_PHASE_STRIP = NO;
				DEBUG_INFORMATION_FORMAT = "dwarf-with-dsym";
				ENABLE_NS_ASSERTIONS = NO;
				ENABLE_STRICT_OBJC_MSGSEND = YES;
				GCC_C_LANGUAGE_STANDARD = gnu11;
				GCC_NO_COMMON_BLOCKS = YES;
				GCC_WARN_64_TO_32_BIT_CONVERSION = YES;
				GCC_WARN_ABOUT_RETURN_TYPE = YES_ERROR;
				GCC_WARN_UNDECLARED_SELECTOR = YES;
				GCC_WARN_UNINITIALIZED_AUTOS = YES_AGGRESSIVE;
				GCC_WARN_UNUSED_FUNCTION = YES;
				GCC_WARN_UNUSED_VARIABLE = YES;
				IPHONEOS_DEPLOYMENT_TARGET = 16.4;
				MTL_ENABLE_DEBUG_INFO = NO;
				MTL_FAST_MATH = YES;
				SDKROOT = iphoneos;
				SWIFT_COMPILATION_MODE = wholemodule;
				SWIFT_OPTIMIZATION_LEVEL = "-O";
				VALIDATE_PRODUCT = YES;
			};
			name = Release;
		};
		7E67A7AB2A6B52BA001E0C23 /* Debug */ = {
			isa = XCBuildConfiguration;
			buildSettings = {
				ALWAYS_EMBED_SWIFT_STANDARD_LIBRARIES = YES;
				ASSETCATALOG_COMPILER_APPICON_NAME = AppIcon;
				ASSETCATALOG_COMPILER_GLOBAL_ACCENT_COLOR_NAME = AccentColor;
				CODE_SIGN_ENTITLEMENTS = Habiscus/Habiscus.entitlements;
				CODE_SIGN_STYLE = Automatic;
				CURRENT_PROJECT_VERSION = 1;
				DEVELOPMENT_ASSET_PATHS = "\"Habiscus/Preview Content\"";
				DEVELOPMENT_TEAM = 2798XB6UZN;
				ENABLE_PREVIEWS = YES;
				GENERATE_INFOPLIST_FILE = YES;
				INFOPLIST_FILE = Habiscus/Info.plist;
				INFOPLIST_KEY_CFBundleDisplayName = Habiscus;
				INFOPLIST_KEY_LSApplicationCategoryType = "public.app-category.productivity";
				INFOPLIST_KEY_UIApplicationSceneManifest_Generation = YES;
				INFOPLIST_KEY_UIApplicationSupportsIndirectInputEvents = YES;
				INFOPLIST_KEY_UISupportedInterfaceOrientations_iPad = "UIInterfaceOrientationPortrait UIInterfaceOrientationPortraitUpsideDown UIInterfaceOrientationLandscapeLeft UIInterfaceOrientationLandscapeRight";
				INFOPLIST_KEY_UISupportedInterfaceOrientations_iPhone = "UIInterfaceOrientationPortrait UIInterfaceOrientationLandscapeLeft UIInterfaceOrientationLandscapeRight";
				LD_RUNPATH_SEARCH_PATHS = (
					"$(inherited)",
					"@executable_path/Frameworks",
				);
				MARKETING_VERSION = 1.0;
				PRODUCT_BUNDLE_IDENTIFIER = com.SkylarClemens.Habiscus;
				PRODUCT_NAME = "$(TARGET_NAME)";
				SWIFT_EMIT_LOC_STRINGS = YES;
				SWIFT_VERSION = 5.0;
				TARGETED_DEVICE_FAMILY = "1,2";
			};
			name = Debug;
		};
		7E67A7AC2A6B52BA001E0C23 /* Release */ = {
			isa = XCBuildConfiguration;
			buildSettings = {
				ALWAYS_EMBED_SWIFT_STANDARD_LIBRARIES = YES;
				ASSETCATALOG_COMPILER_APPICON_NAME = AppIcon;
				ASSETCATALOG_COMPILER_GLOBAL_ACCENT_COLOR_NAME = AccentColor;
				CODE_SIGN_ENTITLEMENTS = Habiscus/Habiscus.entitlements;
				CODE_SIGN_STYLE = Automatic;
				CURRENT_PROJECT_VERSION = 1;
				DEVELOPMENT_ASSET_PATHS = "\"Habiscus/Preview Content\"";
				DEVELOPMENT_TEAM = 2798XB6UZN;
				ENABLE_PREVIEWS = YES;
				GENERATE_INFOPLIST_FILE = YES;
				INFOPLIST_FILE = Habiscus/Info.plist;
				INFOPLIST_KEY_CFBundleDisplayName = Habiscus;
				INFOPLIST_KEY_LSApplicationCategoryType = "public.app-category.productivity";
				INFOPLIST_KEY_UIApplicationSceneManifest_Generation = YES;
				INFOPLIST_KEY_UIApplicationSupportsIndirectInputEvents = YES;
				INFOPLIST_KEY_UISupportedInterfaceOrientations_iPad = "UIInterfaceOrientationPortrait UIInterfaceOrientationPortraitUpsideDown UIInterfaceOrientationLandscapeLeft UIInterfaceOrientationLandscapeRight";
				INFOPLIST_KEY_UISupportedInterfaceOrientations_iPhone = "UIInterfaceOrientationPortrait UIInterfaceOrientationLandscapeLeft UIInterfaceOrientationLandscapeRight";
				LD_RUNPATH_SEARCH_PATHS = (
					"$(inherited)",
					"@executable_path/Frameworks",
				);
				MARKETING_VERSION = 1.0;
				PRODUCT_BUNDLE_IDENTIFIER = com.SkylarClemens.Habiscus;
				PRODUCT_NAME = "$(TARGET_NAME)";
				SWIFT_EMIT_LOC_STRINGS = YES;
				SWIFT_VERSION = 5.0;
				TARGETED_DEVICE_FAMILY = "1,2";
			};
			name = Release;
		};
		7E8460E12AF6E62D008043B6 /* Debug */ = {
			isa = XCBuildConfiguration;
			buildSettings = {
				ASSETCATALOG_COMPILER_GENERATE_SWIFT_ASSET_SYMBOL_EXTENSIONS = YES;
				ASSETCATALOG_COMPILER_GLOBAL_ACCENT_COLOR_NAME = AccentColor;
				ASSETCATALOG_COMPILER_WIDGET_BACKGROUND_COLOR_NAME = WidgetBackground;
				CODE_SIGN_ENTITLEMENTS = HabiscusWidget/HabiscusWidgetExtension.entitlements;
				CODE_SIGN_STYLE = Automatic;
				CURRENT_PROJECT_VERSION = 1;
				DEVELOPMENT_TEAM = 2798XB6UZN;
				ENABLE_USER_SCRIPT_SANDBOXING = YES;
				GCC_C_LANGUAGE_STANDARD = gnu17;
				GENERATE_INFOPLIST_FILE = YES;
				INFOPLIST_FILE = HabiscusWidget/Info.plist;
				INFOPLIST_KEY_CFBundleDisplayName = HabiscusWidget;
				INFOPLIST_KEY_NSHumanReadableCopyright = "";
				IPHONEOS_DEPLOYMENT_TARGET = 16.4;
				LD_RUNPATH_SEARCH_PATHS = (
					"$(inherited)",
					"@executable_path/Frameworks",
					"@executable_path/../../Frameworks",
				);
				LOCALIZATION_PREFERS_STRING_CATALOGS = YES;
				MARKETING_VERSION = 1.0;
				PRODUCT_BUNDLE_IDENTIFIER = com.SkylarClemens.Habiscus.HabiscusWidget;
				PRODUCT_NAME = "$(TARGET_NAME)";
				SKIP_INSTALL = YES;
				SWIFT_ACTIVE_COMPILATION_CONDITIONS = "DEBUG $(inherited)";
				SWIFT_EMIT_LOC_STRINGS = YES;
				SWIFT_VERSION = 5.0;
				TARGETED_DEVICE_FAMILY = "1,2";
			};
			name = Debug;
		};
		7E8460E22AF6E62D008043B6 /* Release */ = {
			isa = XCBuildConfiguration;
			buildSettings = {
				ASSETCATALOG_COMPILER_GENERATE_SWIFT_ASSET_SYMBOL_EXTENSIONS = YES;
				ASSETCATALOG_COMPILER_GLOBAL_ACCENT_COLOR_NAME = AccentColor;
				ASSETCATALOG_COMPILER_WIDGET_BACKGROUND_COLOR_NAME = WidgetBackground;
				CODE_SIGN_ENTITLEMENTS = HabiscusWidget/HabiscusWidgetExtension.entitlements;
				CODE_SIGN_STYLE = Automatic;
				CURRENT_PROJECT_VERSION = 1;
				DEVELOPMENT_TEAM = 2798XB6UZN;
				ENABLE_USER_SCRIPT_SANDBOXING = YES;
				GCC_C_LANGUAGE_STANDARD = gnu17;
				GENERATE_INFOPLIST_FILE = YES;
				INFOPLIST_FILE = HabiscusWidget/Info.plist;
				INFOPLIST_KEY_CFBundleDisplayName = HabiscusWidget;
				INFOPLIST_KEY_NSHumanReadableCopyright = "";
				IPHONEOS_DEPLOYMENT_TARGET = 16.4;
				LD_RUNPATH_SEARCH_PATHS = (
					"$(inherited)",
					"@executable_path/Frameworks",
					"@executable_path/../../Frameworks",
				);
				LOCALIZATION_PREFERS_STRING_CATALOGS = YES;
				MARKETING_VERSION = 1.0;
				PRODUCT_BUNDLE_IDENTIFIER = com.SkylarClemens.Habiscus.HabiscusWidget;
				PRODUCT_NAME = "$(TARGET_NAME)";
				SKIP_INSTALL = YES;
				SWIFT_EMIT_LOC_STRINGS = YES;
				SWIFT_VERSION = 5.0;
				TARGETED_DEVICE_FAMILY = "1,2";
			};
			name = Release;
		};
/* End XCBuildConfiguration section */

/* Begin XCConfigurationList section */
		7E67A7972A6B52B9001E0C23 /* Build configuration list for PBXProject "Habiscus - Habit Tracker" */ = {
			isa = XCConfigurationList;
			buildConfigurations = (
				7E67A7A82A6B52BA001E0C23 /* Debug */,
				7E67A7A92A6B52BA001E0C23 /* Release */,
			);
			defaultConfigurationIsVisible = 0;
			defaultConfigurationName = Release;
		};
		7E67A7AA2A6B52BA001E0C23 /* Build configuration list for PBXNativeTarget "Habiscus - Habit Tracker" */ = {
			isa = XCConfigurationList;
			buildConfigurations = (
				7E67A7AB2A6B52BA001E0C23 /* Debug */,
				7E67A7AC2A6B52BA001E0C23 /* Release */,
			);
			defaultConfigurationIsVisible = 0;
			defaultConfigurationName = Release;
		};
		7E8460E32AF6E62D008043B6 /* Build configuration list for PBXNativeTarget "HabiscusWidgetExtension" */ = {
			isa = XCConfigurationList;
			buildConfigurations = (
				7E8460E12AF6E62D008043B6 /* Debug */,
				7E8460E22AF6E62D008043B6 /* Release */,
			);
			defaultConfigurationIsVisible = 0;
			defaultConfigurationName = Release;
		};
/* End XCConfigurationList section */

/* Begin XCVersionGroup section */
		7EE77DE82A6DDBC90058CDF8 /* Habiscus.xcdatamodeld */ = {
			isa = XCVersionGroup;
			children = (
				7EE77DE92A6DDBC90058CDF8 /* Habiscus.xcdatamodel */,
			);
			currentVersion = 7EE77DE92A6DDBC90058CDF8 /* Habiscus.xcdatamodel */;
			path = Habiscus.xcdatamodeld;
			sourceTree = "<group>";
			versionGroupType = wrapper.xcdatamodel;
		};
/* End XCVersionGroup section */
	};
	rootObject = 7E67A7942A6B52B9001E0C23 /* Project object */;
}
